// !$*UTF8*$!
{
	archiveVersion = 1;
	classes = {
	};
	objectVersion = 56;
	objects = {

/* Begin PBXBuildFile section */
		F81E36052A84BFD800C9FF9E /* 리스트 자르기.swift in Sources */ = {isa = PBXBuildFile; fileRef = F81E36042A84BFD800C9FF9E /* 리스트 자르기.swift */; };
		F81E36072A84C73A00C9FF9E /* 첫번째로 나오는 음수.swift in Sources */ = {isa = PBXBuildFile; fileRef = F81E36062A84C73A00C9FF9E /* 첫번째로 나오는 음수.swift */; };
		F81E36092A84C80A00C9FF9E /* 배열 만들기 3.swift in Sources */ = {isa = PBXBuildFile; fileRef = F81E36082A84C80A00C9FF9E /* 배열 만들기 3.swift */; };
		F81E360B2A84CA9F00C9FF9E /* 2의 영역.swift in Sources */ = {isa = PBXBuildFile; fileRef = F81E360A2A84CA9F00C9FF9E /* 2의 영역.swift */; };
		F81E360D2A84CE4C00C9FF9E /* 배열 조각하기.swift in Sources */ = {isa = PBXBuildFile; fileRef = F81E360C2A84CE4C00C9FF9E /* 배열 조각하기.swift */; };
		F81E36102A84CFE900C9FF9E /* 주사위의 개수.swift in Sources */ = {isa = PBXBuildFile; fileRef = F81E360F2A84CFE900C9FF9E /* 주사위의 개수.swift */; };
		F81E36122A84D0FA00C9FF9E /* 합성수 찾기.swift in Sources */ = {isa = PBXBuildFile; fileRef = F81E36112A84D0FA00C9FF9E /* 합성수 찾기.swift */; };
		F81E36142A84D19B00C9FF9E /* 최댓값 만들기 1.swift in Sources */ = {isa = PBXBuildFile; fileRef = F81E36132A84D19B00C9FF9E /* 최댓값 만들기 1.swift */; };
		F81E36162A84D39B00C9FF9E /* 팩토리얼.swift in Sources */ = {isa = PBXBuildFile; fileRef = F81E36152A84D39B00C9FF9E /* 팩토리얼.swift */; };
		F83062B42A86F2E70002423B /* 중복된 문자 제거.swift in Sources */ = {isa = PBXBuildFile; fileRef = F83062B32A86F2E70002423B /* 중복된 문자 제거.swift */; };
		F8602D6D2A874C9400C87FEF /* 삼각형의 완성조건(1).swift in Sources */ = {isa = PBXBuildFile; fileRef = F8602D6C2A874C9400C87FEF /* 삼각형의 완성조건(1).swift */; };
		F8602D702A8A408000C87FEF /* 홀수 VS 짝수.swift in Sources */ = {isa = PBXBuildFile; fileRef = F8602D6F2A8A408000C87FEF /* 홀수 VS 짝수.swift */; };
		F8602D722A8A40F000C87FEF /* 5명씩.swift in Sources */ = {isa = PBXBuildFile; fileRef = F8602D712A8A40F000C87FEF /* 5명씩.swift */; };
		F8602D742A8A425400C87FEF /* 할 일 목록.swift in Sources */ = {isa = PBXBuildFile; fileRef = F8602D732A8A425400C87FEF /* 할 일 목록.swift */; };
		F8602D762A8A42DF00C87FEF /* n보다 커질때까지 더하기.swift in Sources */ = {isa = PBXBuildFile; fileRef = F8602D752A8A42DF00C87FEF /* n보다 커질때까지 더하기.swift */; };
		F8602D782A8A437900C87FEF /* 수열과 구간 쿼리 1.swift in Sources */ = {isa = PBXBuildFile; fileRef = F8602D772A8A437900C87FEF /* 수열과 구간 쿼리 1.swift */; };
		F8602D7B2A8A4DFC00C87FEF /* 가까운 수.swift in Sources */ = {isa = PBXBuildFile; fileRef = F8602D7A2A8A4DFC00C87FEF /* 가까운 수.swift */; };
		F8602D7D2A8A516D00C87FEF /* 369게임.swift in Sources */ = {isa = PBXBuildFile; fileRef = F8602D7C2A8A516D00C87FEF /* 369게임.swift */; };
		F8602D7F2A8A52F200C87FEF /* 암호 해독.swift in Sources */ = {isa = PBXBuildFile; fileRef = F8602D7E2A8A52F200C87FEF /* 암호 해독.swift */; };
		F8602D812A8A53D700C87FEF /* 대문자와 소문자.swift in Sources */ = {isa = PBXBuildFile; fileRef = F8602D802A8A53D700C87FEF /* 대문자와 소문자.swift */; };
		F87C7F662A823ED10021878B /* 문자열의 앞의 n글자.swift in Sources */ = {isa = PBXBuildFile; fileRef = F87C7F652A823ED10021878B /* 문자열의 앞의 n글자.swift */; };
		F87C7F682A823F900021878B /* 접두사인지 확인하기.swift in Sources */ = {isa = PBXBuildFile; fileRef = F87C7F672A823F900021878B /* 접두사인지 확인하기.swift */; };
		F87C7F6A2A8240B00021878B /* 문자열뒤집기.swift in Sources */ = {isa = PBXBuildFile; fileRef = F87C7F692A8240B00021878B /* 문자열뒤집기.swift */; };
		F87C7F6C2A8246F00021878B /* 세로 읽기.swift in Sources */ = {isa = PBXBuildFile; fileRef = F87C7F6B2A8246F00021878B /* 세로 읽기.swift */; };
		F87C7F6E2A824A710021878B /* qrcode.swift in Sources */ = {isa = PBXBuildFile; fileRef = F87C7F6D2A824A710021878B /* qrcode.swift */; };
		F87C7F712A824AE70021878B /* 개미 군단.swift in Sources */ = {isa = PBXBuildFile; fileRef = F87C7F702A824AE70021878B /* 개미 군단.swift */; };
		F87C7F732A8251DA0021878B /* 모스부호(1).swift in Sources */ = {isa = PBXBuildFile; fileRef = F87C7F722A8251DA0021878B /* 모스부호(1).swift */; };
		F87C7F752A8253600021878B /* 가위 바위 보.swift in Sources */ = {isa = PBXBuildFile; fileRef = F87C7F742A8253600021878B /* 가위 바위 보.swift */; };
		F87C7F772A8254650021878B /* 구슬을 나누는 경우의 수.swift in Sources */ = {isa = PBXBuildFile; fileRef = F87C7F762A8254650021878B /* 구슬을 나누는 경우의 수.swift */; };
		F87FD5AC2A810ACF0032CBCD /* main.swift in Sources */ = {isa = PBXBuildFile; fileRef = F87FD5AB2A810ACF0032CBCD /* main.swift */; };
		F87FD5BC2A810DD50032CBCD /* 배열 만들기 5.swift in Sources */ = {isa = PBXBuildFile; fileRef = F87FD5BB2A810DD50032CBCD /* 배열 만들기 5.swift */; };
		F87FD5BE2A810DEA0032CBCD /* 부분 문자열 이어 붙여 문자열 만들기.swift in Sources */ = {isa = PBXBuildFile; fileRef = F87FD5BD2A810DEA0032CBCD /* 부분 문자열 이어 붙여 문자열 만들기.swift */; };
		F87FD5C02A810DFE0032CBCD /* 문자열 뒤의 n글자.swift in Sources */ = {isa = PBXBuildFile; fileRef = F87FD5BF2A810DFE0032CBCD /* 문자열 뒤의 n글자.swift */; };
		F87FD5C22A810E0D0032CBCD /* 접미사 배열.swift in Sources */ = {isa = PBXBuildFile; fileRef = F87FD5C12A810E0D0032CBCD /* 접미사 배열.swift */; };
		F87FD5C42A810E230032CBCD /* 접미사인지 확인하기.swift in Sources */ = {isa = PBXBuildFile; fileRef = F87FD5C32A810E230032CBCD /* 접미사인지 확인하기.swift */; };
		F87FD5C72A810E4E0032CBCD /* 배열자르기.swift in Sources */ = {isa = PBXBuildFile; fileRef = F87FD5C62A810E4E0032CBCD /* 배열자르기.swift */; };
		F87FD5C92A810E740032CBCD /* 외계행성의 나이.swift in Sources */ = {isa = PBXBuildFile; fileRef = F87FD5C82A810E740032CBCD /* 외계행성의 나이.swift */; };
		F87FD5CB2A810E790032CBCD /* 진료 순서정하기.swift in Sources */ = {isa = PBXBuildFile; fileRef = F87FD5CA2A810E790032CBCD /* 진료 순서정하기.swift */; };
		F87FD5CD2A810E830032CBCD /* 순서쌍의 개수.swift in Sources */ = {isa = PBXBuildFile; fileRef = F87FD5CC2A810E830032CBCD /* 순서쌍의 개수.swift */; };
		F8D578842A864D2700D1083B /* n 번째 원소부터.swift in Sources */ = {isa = PBXBuildFile; fileRef = F8D578832A864D2700D1083B /* n 번째 원소부터.swift */; };
		F8D578862A8657D300D1083B /* 순서 바꾸기.swift in Sources */ = {isa = PBXBuildFile; fileRef = F8D578852A8657D300D1083B /* 순서 바꾸기.swift */; };
		F8D578882A8657DF00D1083B /* 왼쪽 오른쪽.swift in Sources */ = {isa = PBXBuildFile; fileRef = F8D578872A8657DF00D1083B /* 왼쪽 오른쪽.swift */; };
		F8D5788A2A86582400D1083B /* n 번쨰 원소까지.swift in Sources */ = {isa = PBXBuildFile; fileRef = F8D578892A86582400D1083B /* n 번쨰 원소까지.swift */; };
		F8D5788C2A86592000D1083B /* n개 간격의 원소들.swift in Sources */ = {isa = PBXBuildFile; fileRef = F8D5788B2A86592000D1083B /* n개 간격의 원소들.swift */; };
		F8D5788F2A865C7900D1083B /* 모음 제거.swift in Sources */ = {isa = PBXBuildFile; fileRef = F8D5788E2A865C7900D1083B /* 모음 제거.swift */; };
		F8D578912A865F8200D1083B /* 문자열 정렬하기(1).swift in Sources */ = {isa = PBXBuildFile; fileRef = F8D578902A865F8200D1083B /* 문자열 정렬하기(1).swift */; };
		F8D578932A86603B00D1083B /* 숨어있는 숫자의 덧셈 (1).swift in Sources */ = {isa = PBXBuildFile; fileRef = F8D578922A86603B00D1083B /* 숨어있는 숫자의 덧셈 (1).swift */; };
		F8D578952A86626C00D1083B /* 소인수분해.swift in Sources */ = {isa = PBXBuildFile; fileRef = F8D578942A86626C00D1083B /* 소인수분해.swift */; };
		F8D578982A8664FC00D1083B /* 컨트롤 제트.swift in Sources */ = {isa = PBXBuildFile; fileRef = F8D578972A8664FC00D1083B /* 컨트롤 제트.swift */; };
		F8D5789A2A8665B700D1083B /* 배열 원소의 길이.swift in Sources */ = {isa = PBXBuildFile; fileRef = F8D578992A8665B700D1083B /* 배열 원소의 길이.swift */; };
		F8D6E45F2A8B8AB50069CCF2 /* 조건에 맞게 수열 변환하기1.swift in Sources */ = {isa = PBXBuildFile; fileRef = F8D6E45E2A8B8AB50069CCF2 /* 조건에 맞게 수열 변환하기1.swift */; };
		F8D6E4612A8B8DB60069CCF2 /* 조건에 맞게 수열 변환하기 2.swift in Sources */ = {isa = PBXBuildFile; fileRef = F8D6E4602A8B8DB60069CCF2 /* 조건에 맞게 수열 변환하기 2.swift */; };
		F8D6E4632A8B8E510069CCF2 /* 1로 만들기.swift in Sources */ = {isa = PBXBuildFile; fileRef = F8D6E4622A8B8E510069CCF2 /* 1로 만들기.swift */; };
		F8D6E4652A8B900B0069CCF2 /* 길이에 따른 연산.swift in Sources */ = {isa = PBXBuildFile; fileRef = F8D6E4642A8B900B0069CCF2 /* 길이에 따른 연산.swift */; };
		F8D6E4672A8B920B0069CCF2 /* 원하는 문자열 찾기.swift in Sources */ = {isa = PBXBuildFile; fileRef = F8D6E4662A8B920B0069CCF2 /* 원하는 문자열 찾기.swift */; };
		F8D6E46A2A8B95370069CCF2 /* 영어가 싫어요.swift in Sources */ = {isa = PBXBuildFile; fileRef = F8D6E4692A8B95370069CCF2 /* 영어가 싫어요.swift */; };
		F8D6E46C2A8B96390069CCF2 /* 인덱스 바꾸기.swift in Sources */ = {isa = PBXBuildFile; fileRef = F8D6E46B2A8B96390069CCF2 /* 인덱스 바꾸기.swift */; };
		F8D6E46E2A8B98D70069CCF2 /* 한 번만 등장한 문자.swift in Sources */ = {isa = PBXBuildFile; fileRef = F8D6E46D2A8B98D70069CCF2 /* 한 번만 등장한 문자.swift */; };
		F8D6E4702A8B99300069CCF2 /* 약수 구하기.swift in Sources */ = {isa = PBXBuildFile; fileRef = F8D6E46F2A8B99300069CCF2 /* 약수 구하기.swift */; };
		F8F3BB592A83BB0B0076D219 /* 점의 위치 구하기.swift in Sources */ = {isa = PBXBuildFile; fileRef = F8F3BB582A83BB0B0076D219 /* 점의 위치 구하기.swift */; };
		F8F3BB5B2A83BB120076D219 /* 2차원으로 만들기.swift in Sources */ = {isa = PBXBuildFile; fileRef = F8F3BB5A2A83BB120076D219 /* 2차원으로 만들기.swift */; };
		F8F3BB5D2A83BB190076D219 /* 공 던지기.swift in Sources */ = {isa = PBXBuildFile; fileRef = F8F3BB5C2A83BB190076D219 /* 공 던지기.swift */; };
		F8F3BB5F2A83BB200076D219 /* 배열 회전시키기.swift in Sources */ = {isa = PBXBuildFile; fileRef = F8F3BB5E2A83BB200076D219 /* 배열 회전시키기.swift */; };
		F8F3BB622A83BBE80076D219 /* 문자 개수 세기.swift in Sources */ = {isa = PBXBuildFile; fileRef = F8F3BB612A83BBE80076D219 /* 문자 개수 세기.swift */; };
		F8F3BB642A83BBF10076D219 /* 배열 만들기 1.swift in Sources */ = {isa = PBXBuildFile; fileRef = F8F3BB632A83BBF10076D219 /* 배열 만들기 1.swift */; };
		F8F3BB662A83BBF80076D219 /* 글자 지우기.swift in Sources */ = {isa = PBXBuildFile; fileRef = F8F3BB652A83BBF80076D219 /* 글자 지우기.swift */; };
		F8F3BB682A83BC1A0076D219 /* 카운트 다운.swift in Sources */ = {isa = PBXBuildFile; fileRef = F8F3BB672A83BC1A0076D219 /* 카운트 다운.swift */; };
		F8F3BB6A2A83BC210076D219 /* 가까운 1 찾기.swift in Sources */ = {isa = PBXBuildFile; fileRef = F8F3BB692A83BC210076D219 /* 가까운 1 찾기.swift */; };
/* End PBXBuildFile section */

/* Begin PBXCopyFilesBuildPhase section */
		F87FD5A62A810ACE0032CBCD /* CopyFiles */ = {
			isa = PBXCopyFilesBuildPhase;
			buildActionMask = 2147483647;
			dstPath = /usr/share/man/man1/;
			dstSubfolderSpec = 0;
			files = (
			);
			runOnlyForDeploymentPostprocessing = 1;
		};
/* End PBXCopyFilesBuildPhase section */

/* Begin PBXFileReference section */
		F81E36042A84BFD800C9FF9E /* 리스트 자르기.swift */ = {isa = PBXFileReference; lastKnownFileType = sourcecode.swift; path = "리스트 자르기.swift"; sourceTree = "<group>"; };
		F81E36062A84C73A00C9FF9E /* 첫번째로 나오는 음수.swift */ = {isa = PBXFileReference; lastKnownFileType = sourcecode.swift; path = "첫번째로 나오는 음수.swift"; sourceTree = "<group>"; };
		F81E36082A84C80A00C9FF9E /* 배열 만들기 3.swift */ = {isa = PBXFileReference; lastKnownFileType = sourcecode.swift; path = "배열 만들기 3.swift"; sourceTree = "<group>"; };
		F81E360A2A84CA9F00C9FF9E /* 2의 영역.swift */ = {isa = PBXFileReference; lastKnownFileType = sourcecode.swift; path = "2의 영역.swift"; sourceTree = "<group>"; };
		F81E360C2A84CE4C00C9FF9E /* 배열 조각하기.swift */ = {isa = PBXFileReference; lastKnownFileType = sourcecode.swift; path = "배열 조각하기.swift"; sourceTree = "<group>"; };
		F81E360F2A84CFE900C9FF9E /* 주사위의 개수.swift */ = {isa = PBXFileReference; lastKnownFileType = sourcecode.swift; path = "주사위의 개수.swift"; sourceTree = "<group>"; };
		F81E36112A84D0FA00C9FF9E /* 합성수 찾기.swift */ = {isa = PBXFileReference; lastKnownFileType = sourcecode.swift; path = "합성수 찾기.swift"; sourceTree = "<group>"; };
		F81E36132A84D19B00C9FF9E /* 최댓값 만들기 1.swift */ = {isa = PBXFileReference; lastKnownFileType = sourcecode.swift; path = "최댓값 만들기 1.swift"; sourceTree = "<group>"; };
		F81E36152A84D39B00C9FF9E /* 팩토리얼.swift */ = {isa = PBXFileReference; lastKnownFileType = sourcecode.swift; path = "팩토리얼.swift"; sourceTree = "<group>"; };
		F83062B32A86F2E70002423B /* 중복된 문자 제거.swift */ = {isa = PBXFileReference; lastKnownFileType = sourcecode.swift; path = "중복된 문자 제거.swift"; sourceTree = "<group>"; };
		F8602D6C2A874C9400C87FEF /* 삼각형의 완성조건(1).swift */ = {isa = PBXFileReference; lastKnownFileType = sourcecode.swift; path = "삼각형의 완성조건(1).swift"; sourceTree = "<group>"; };
		F8602D6F2A8A408000C87FEF /* 홀수 VS 짝수.swift */ = {isa = PBXFileReference; lastKnownFileType = sourcecode.swift; path = "홀수 VS 짝수.swift"; sourceTree = "<group>"; };
		F8602D712A8A40F000C87FEF /* 5명씩.swift */ = {isa = PBXFileReference; lastKnownFileType = sourcecode.swift; path = "5명씩.swift"; sourceTree = "<group>"; };
		F8602D732A8A425400C87FEF /* 할 일 목록.swift */ = {isa = PBXFileReference; lastKnownFileType = sourcecode.swift; path = "할 일 목록.swift"; sourceTree = "<group>"; };
		F8602D752A8A42DF00C87FEF /* n보다 커질때까지 더하기.swift */ = {isa = PBXFileReference; lastKnownFileType = sourcecode.swift; path = "n보다 커질때까지 더하기.swift"; sourceTree = "<group>"; };
		F8602D772A8A437900C87FEF /* 수열과 구간 쿼리 1.swift */ = {isa = PBXFileReference; lastKnownFileType = sourcecode.swift; path = "수열과 구간 쿼리 1.swift"; sourceTree = "<group>"; };
		F8602D7A2A8A4DFC00C87FEF /* 가까운 수.swift */ = {isa = PBXFileReference; lastKnownFileType = sourcecode.swift; path = "가까운 수.swift"; sourceTree = "<group>"; };
		F8602D7C2A8A516D00C87FEF /* 369게임.swift */ = {isa = PBXFileReference; lastKnownFileType = sourcecode.swift; path = "369게임.swift"; sourceTree = "<group>"; };
		F8602D7E2A8A52F200C87FEF /* 암호 해독.swift */ = {isa = PBXFileReference; lastKnownFileType = sourcecode.swift; path = "암호 해독.swift"; sourceTree = "<group>"; };
		F8602D802A8A53D700C87FEF /* 대문자와 소문자.swift */ = {isa = PBXFileReference; lastKnownFileType = sourcecode.swift; path = "대문자와 소문자.swift"; sourceTree = "<group>"; };
		F87C7F652A823ED10021878B /* 문자열의 앞의 n글자.swift */ = {isa = PBXFileReference; lastKnownFileType = sourcecode.swift; path = "문자열의 앞의 n글자.swift"; sourceTree = "<group>"; };
		F87C7F672A823F900021878B /* 접두사인지 확인하기.swift */ = {isa = PBXFileReference; lastKnownFileType = sourcecode.swift; path = "접두사인지 확인하기.swift"; sourceTree = "<group>"; };
		F87C7F692A8240B00021878B /* 문자열뒤집기.swift */ = {isa = PBXFileReference; lastKnownFileType = sourcecode.swift; path = "문자열뒤집기.swift"; sourceTree = "<group>"; };
		F87C7F6B2A8246F00021878B /* 세로 읽기.swift */ = {isa = PBXFileReference; lastKnownFileType = sourcecode.swift; path = "세로 읽기.swift"; sourceTree = "<group>"; };
		F87C7F6D2A824A710021878B /* qrcode.swift */ = {isa = PBXFileReference; lastKnownFileType = sourcecode.swift; path = qrcode.swift; sourceTree = "<group>"; };
		F87C7F702A824AE70021878B /* 개미 군단.swift */ = {isa = PBXFileReference; lastKnownFileType = sourcecode.swift; path = "개미 군단.swift"; sourceTree = "<group>"; };
		F87C7F722A8251DA0021878B /* 모스부호(1).swift */ = {isa = PBXFileReference; lastKnownFileType = sourcecode.swift; path = "모스부호(1).swift"; sourceTree = "<group>"; };
		F87C7F742A8253600021878B /* 가위 바위 보.swift */ = {isa = PBXFileReference; lastKnownFileType = sourcecode.swift; path = "가위 바위 보.swift"; sourceTree = "<group>"; };
		F87C7F762A8254650021878B /* 구슬을 나누는 경우의 수.swift */ = {isa = PBXFileReference; lastKnownFileType = sourcecode.swift; path = "구슬을 나누는 경우의 수.swift"; sourceTree = "<group>"; };
		F87FD5A82A810ACF0032CBCD /* algorithm_Swift */ = {isa = PBXFileReference; explicitFileType = "compiled.mach-o.executable"; includeInIndex = 0; path = algorithm_Swift; sourceTree = BUILT_PRODUCTS_DIR; };
		F87FD5AB2A810ACF0032CBCD /* main.swift */ = {isa = PBXFileReference; lastKnownFileType = sourcecode.swift; path = main.swift; sourceTree = "<group>"; };
		F87FD5BB2A810DD50032CBCD /* 배열 만들기 5.swift */ = {isa = PBXFileReference; lastKnownFileType = sourcecode.swift; path = "배열 만들기 5.swift"; sourceTree = "<group>"; };
		F87FD5BD2A810DEA0032CBCD /* 부분 문자열 이어 붙여 문자열 만들기.swift */ = {isa = PBXFileReference; lastKnownFileType = sourcecode.swift; path = "부분 문자열 이어 붙여 문자열 만들기.swift"; sourceTree = "<group>"; };
		F87FD5BF2A810DFE0032CBCD /* 문자열 뒤의 n글자.swift */ = {isa = PBXFileReference; lastKnownFileType = sourcecode.swift; path = "문자열 뒤의 n글자.swift"; sourceTree = "<group>"; };
		F87FD5C12A810E0D0032CBCD /* 접미사 배열.swift */ = {isa = PBXFileReference; lastKnownFileType = sourcecode.swift; path = "접미사 배열.swift"; sourceTree = "<group>"; };
		F87FD5C32A810E230032CBCD /* 접미사인지 확인하기.swift */ = {isa = PBXFileReference; lastKnownFileType = sourcecode.swift; path = "접미사인지 확인하기.swift"; sourceTree = "<group>"; };
		F87FD5C62A810E4E0032CBCD /* 배열자르기.swift */ = {isa = PBXFileReference; lastKnownFileType = sourcecode.swift; path = "배열자르기.swift"; sourceTree = "<group>"; };
		F87FD5C82A810E740032CBCD /* 외계행성의 나이.swift */ = {isa = PBXFileReference; lastKnownFileType = sourcecode.swift; path = "외계행성의 나이.swift"; sourceTree = "<group>"; };
		F87FD5CA2A810E790032CBCD /* 진료 순서정하기.swift */ = {isa = PBXFileReference; lastKnownFileType = sourcecode.swift; path = "진료 순서정하기.swift"; sourceTree = "<group>"; };
		F87FD5CC2A810E830032CBCD /* 순서쌍의 개수.swift */ = {isa = PBXFileReference; lastKnownFileType = sourcecode.swift; path = "순서쌍의 개수.swift"; sourceTree = "<group>"; };
		F8D578832A864D2700D1083B /* n 번째 원소부터.swift */ = {isa = PBXFileReference; lastKnownFileType = sourcecode.swift; path = "n 번째 원소부터.swift"; sourceTree = "<group>"; };
		F8D578852A8657D300D1083B /* 순서 바꾸기.swift */ = {isa = PBXFileReference; lastKnownFileType = sourcecode.swift; path = "순서 바꾸기.swift"; sourceTree = "<group>"; };
		F8D578872A8657DF00D1083B /* 왼쪽 오른쪽.swift */ = {isa = PBXFileReference; lastKnownFileType = sourcecode.swift; path = "왼쪽 오른쪽.swift"; sourceTree = "<group>"; };
		F8D578892A86582400D1083B /* n 번쨰 원소까지.swift */ = {isa = PBXFileReference; lastKnownFileType = sourcecode.swift; path = "n 번쨰 원소까지.swift"; sourceTree = "<group>"; };
		F8D5788B2A86592000D1083B /* n개 간격의 원소들.swift */ = {isa = PBXFileReference; lastKnownFileType = sourcecode.swift; path = "n개 간격의 원소들.swift"; sourceTree = "<group>"; };
		F8D5788E2A865C7900D1083B /* 모음 제거.swift */ = {isa = PBXFileReference; lastKnownFileType = sourcecode.swift; path = "모음 제거.swift"; sourceTree = "<group>"; };
		F8D578902A865F8200D1083B /* 문자열 정렬하기(1).swift */ = {isa = PBXFileReference; lastKnownFileType = sourcecode.swift; path = "문자열 정렬하기(1).swift"; sourceTree = "<group>"; };
		F8D578922A86603B00D1083B /* 숨어있는 숫자의 덧셈 (1).swift */ = {isa = PBXFileReference; lastKnownFileType = sourcecode.swift; path = "숨어있는 숫자의 덧셈 (1).swift"; sourceTree = "<group>"; };
		F8D578942A86626C00D1083B /* 소인수분해.swift */ = {isa = PBXFileReference; lastKnownFileType = sourcecode.swift; path = "소인수분해.swift"; sourceTree = "<group>"; };
		F8D578972A8664FC00D1083B /* 컨트롤 제트.swift */ = {isa = PBXFileReference; lastKnownFileType = sourcecode.swift; path = "컨트롤 제트.swift"; sourceTree = "<group>"; };
		F8D578992A8665B700D1083B /* 배열 원소의 길이.swift */ = {isa = PBXFileReference; lastKnownFileType = sourcecode.swift; path = "배열 원소의 길이.swift"; sourceTree = "<group>"; };
		F8D6E45E2A8B8AB50069CCF2 /* 조건에 맞게 수열 변환하기1.swift */ = {isa = PBXFileReference; lastKnownFileType = sourcecode.swift; path = "조건에 맞게 수열 변환하기1.swift"; sourceTree = "<group>"; };
		F8D6E4602A8B8DB60069CCF2 /* 조건에 맞게 수열 변환하기 2.swift */ = {isa = PBXFileReference; lastKnownFileType = sourcecode.swift; path = "조건에 맞게 수열 변환하기 2.swift"; sourceTree = "<group>"; };
		F8D6E4622A8B8E510069CCF2 /* 1로 만들기.swift */ = {isa = PBXFileReference; lastKnownFileType = sourcecode.swift; path = "1로 만들기.swift"; sourceTree = "<group>"; };
		F8D6E4642A8B900B0069CCF2 /* 길이에 따른 연산.swift */ = {isa = PBXFileReference; lastKnownFileType = sourcecode.swift; path = "길이에 따른 연산.swift"; sourceTree = "<group>"; };
		F8D6E4662A8B920B0069CCF2 /* 원하는 문자열 찾기.swift */ = {isa = PBXFileReference; lastKnownFileType = sourcecode.swift; path = "원하는 문자열 찾기.swift"; sourceTree = "<group>"; };
		F8D6E4692A8B95370069CCF2 /* 영어가 싫어요.swift */ = {isa = PBXFileReference; lastKnownFileType = sourcecode.swift; path = "영어가 싫어요.swift"; sourceTree = "<group>"; };
		F8D6E46B2A8B96390069CCF2 /* 인덱스 바꾸기.swift */ = {isa = PBXFileReference; lastKnownFileType = sourcecode.swift; path = "인덱스 바꾸기.swift"; sourceTree = "<group>"; };
		F8D6E46D2A8B98D70069CCF2 /* 한 번만 등장한 문자.swift */ = {isa = PBXFileReference; lastKnownFileType = sourcecode.swift; path = "한 번만 등장한 문자.swift"; sourceTree = "<group>"; };
		F8D6E46F2A8B99300069CCF2 /* 약수 구하기.swift */ = {isa = PBXFileReference; lastKnownFileType = sourcecode.swift; path = "약수 구하기.swift"; sourceTree = "<group>"; };
		F8F3BB582A83BB0B0076D219 /* 점의 위치 구하기.swift */ = {isa = PBXFileReference; lastKnownFileType = sourcecode.swift; path = "점의 위치 구하기.swift"; sourceTree = "<group>"; };
		F8F3BB5A2A83BB120076D219 /* 2차원으로 만들기.swift */ = {isa = PBXFileReference; lastKnownFileType = sourcecode.swift; path = "2차원으로 만들기.swift"; sourceTree = "<group>"; };
		F8F3BB5C2A83BB190076D219 /* 공 던지기.swift */ = {isa = PBXFileReference; lastKnownFileType = sourcecode.swift; path = "공 던지기.swift"; sourceTree = "<group>"; };
		F8F3BB5E2A83BB200076D219 /* 배열 회전시키기.swift */ = {isa = PBXFileReference; lastKnownFileType = sourcecode.swift; path = "배열 회전시키기.swift"; sourceTree = "<group>"; };
		F8F3BB612A83BBE80076D219 /* 문자 개수 세기.swift */ = {isa = PBXFileReference; lastKnownFileType = sourcecode.swift; path = "문자 개수 세기.swift"; sourceTree = "<group>"; };
		F8F3BB632A83BBF10076D219 /* 배열 만들기 1.swift */ = {isa = PBXFileReference; lastKnownFileType = sourcecode.swift; path = "배열 만들기 1.swift"; sourceTree = "<group>"; };
		F8F3BB652A83BBF80076D219 /* 글자 지우기.swift */ = {isa = PBXFileReference; lastKnownFileType = sourcecode.swift; path = "글자 지우기.swift"; sourceTree = "<group>"; };
		F8F3BB672A83BC1A0076D219 /* 카운트 다운.swift */ = {isa = PBXFileReference; lastKnownFileType = sourcecode.swift; path = "카운트 다운.swift"; sourceTree = "<group>"; };
		F8F3BB692A83BC210076D219 /* 가까운 1 찾기.swift */ = {isa = PBXFileReference; lastKnownFileType = sourcecode.swift; path = "가까운 1 찾기.swift"; sourceTree = "<group>"; };
/* End PBXFileReference section */

/* Begin PBXFrameworksBuildPhase section */
		F87FD5A52A810ACE0032CBCD /* Frameworks */ = {
			isa = PBXFrameworksBuildPhase;
			buildActionMask = 2147483647;
			files = (
			);
			runOnlyForDeploymentPostprocessing = 0;
		};
/* End PBXFrameworksBuildPhase section */

/* Begin PBXGroup section */
		F81E36032A84BFCB00C9FF9E /* Day12 */ = {
			isa = PBXGroup;
			children = (
				F81E36042A84BFD800C9FF9E /* 리스트 자르기.swift */,
				F81E36062A84C73A00C9FF9E /* 첫번째로 나오는 음수.swift */,
				F81E36082A84C80A00C9FF9E /* 배열 만들기 3.swift */,
				F81E360A2A84CA9F00C9FF9E /* 2의 영역.swift */,
				F81E360C2A84CE4C00C9FF9E /* 배열 조각하기.swift */,
			);
			path = Day12;
			sourceTree = "<group>";
		};
		F81E360E2A84CE8900C9FF9E /* Day11 */ = {
			isa = PBXGroup;
			children = (
				F81E360F2A84CFE900C9FF9E /* 주사위의 개수.swift */,
				F81E36112A84D0FA00C9FF9E /* 합성수 찾기.swift */,
				F81E36132A84D19B00C9FF9E /* 최댓값 만들기 1.swift */,
				F81E36152A84D39B00C9FF9E /* 팩토리얼.swift */,
			);
			path = Day11;
			sourceTree = "<group>";
		};
		F8602D6E2A8A3FFE00C87FEF /* Day14 */ = {
			isa = PBXGroup;
			children = (
				F8602D6F2A8A408000C87FEF /* 홀수 VS 짝수.swift */,
				F8602D712A8A40F000C87FEF /* 5명씩.swift */,
				F8602D732A8A425400C87FEF /* 할 일 목록.swift */,
				F8602D752A8A42DF00C87FEF /* n보다 커질때까지 더하기.swift */,
				F8602D772A8A437900C87FEF /* 수열과 구간 쿼리 1.swift */,
			);
			path = Day14;
			sourceTree = "<group>";
		};
		F8602D792A8A439700C87FEF /* Day14 */ = {
			isa = PBXGroup;
			children = (
				F8602D7A2A8A4DFC00C87FEF /* 가까운 수.swift */,
				F8602D7C2A8A516D00C87FEF /* 369게임.swift */,
				F8602D7E2A8A52F200C87FEF /* 암호 해독.swift */,
				F8602D802A8A53D700C87FEF /* 대문자와 소문자.swift */,
			);
			path = Day14;
			sourceTree = "<group>";
		};
		F87C7F642A823EBA0021878B /* Day10_문자열 */ = {
			isa = PBXGroup;
			children = (
				F87C7F652A823ED10021878B /* 문자열의 앞의 n글자.swift */,
				F87C7F672A823F900021878B /* 접두사인지 확인하기.swift */,
				F87C7F692A8240B00021878B /* 문자열뒤집기.swift */,
				F87C7F6B2A8246F00021878B /* 세로 읽기.swift */,
				F87C7F6D2A824A710021878B /* qrcode.swift */,
			);
			name = "Day10_문자열";
			path = "Day10_문자열";
			sourceTree = "<group>";
		};
		F87C7F6F2A824ACF0021878B /* Day9 */ = {
			isa = PBXGroup;
			children = (
				F87C7F702A824AE70021878B /* 개미 군단.swift */,
				F87C7F722A8251DA0021878B /* 모스부호(1).swift */,
				F87C7F742A8253600021878B /* 가위 바위 보.swift */,
				F87C7F762A8254650021878B /* 구슬을 나누는 경우의 수.swift */,
			);
			path = Day9;
			sourceTree = "<group>";
		};
		F87FD59F2A810ACE0032CBCD = {
			isa = PBXGroup;
			children = (
				F87FD5AA2A810ACF0032CBCD /* algorithm_Swift */,
				F87FD5A92A810ACF0032CBCD /* Products */,
			);
			sourceTree = "<group>";
		};
		F87FD5A92A810ACF0032CBCD /* Products */ = {
			isa = PBXGroup;
			children = (
				F87FD5A82A810ACF0032CBCD /* algorithm_Swift */,
			);
			name = Products;
			sourceTree = "<group>";
		};
		F87FD5AA2A810ACF0032CBCD /* algorithm_Swift */ = {
			isa = PBXGroup;
			children = (
				F87FD5AB2A810ACF0032CBCD /* main.swift */,
				F87FD5B22A810ADE0032CBCD /* Coding_basic_training */,
				F87FD5B32A810B160032CBCD /* Coding_introduction */,
			);
			path = algorithm_Swift;
			sourceTree = "<group>";
		};
		F87FD5B22A810ADE0032CBCD /* Coding_basic_training */ = {
			isa = PBXGroup;
			children = (
				F8D6E45D2A8B8AA80069CCF2 /* Day15 */,
				F8602D6E2A8A3FFE00C87FEF /* Day14 */,
				F8D578822A864CF900D1083B /* Day13 */,
				F81E36032A84BFCB00C9FF9E /* Day12 */,
				F8F3BB602A83BBC30076D219 /* Day11 */,
				F87C7F642A823EBA0021878B /* Day10_문자열 */,
				F87FD5BA2A810DBA0032CBCD /* Day9_문자열 */,
			);
			path = Coding_basic_training;
			sourceTree = "<group>";
		};
		F87FD5B32A810B160032CBCD /* Coding_introduction */ = {
			isa = PBXGroup;
			children = (
				F8D6E4682A8B92320069CCF2 /* Day15 */,
				F8602D792A8A439700C87FEF /* Day14 */,
				F8D578962A8662DF00D1083B /* Day13 */,
				F8D5788D2A86594C00D1083B /* Day12 */,
				F81E360E2A84CE8900C9FF9E /* Day11 */,
				F8F3BB572A83BAFD0076D219 /* Day10 */,
				F87C7F6F2A824ACF0021878B /* Day9 */,
				F87FD5C52A810E410032CBCD /* Day8 */,
			);
			path = Coding_introduction;
			sourceTree = "<group>";
		};
		F87FD5BA2A810DBA0032CBCD /* Day9_문자열 */ = {
			isa = PBXGroup;
			children = (
				F87FD5BB2A810DD50032CBCD /* 배열 만들기 5.swift */,
				F87FD5BD2A810DEA0032CBCD /* 부분 문자열 이어 붙여 문자열 만들기.swift */,
				F87FD5BF2A810DFE0032CBCD /* 문자열 뒤의 n글자.swift */,
				F87FD5C12A810E0D0032CBCD /* 접미사 배열.swift */,
				F87FD5C32A810E230032CBCD /* 접미사인지 확인하기.swift */,
			);
			name = "Day9_문자열";
			path = "Day9_문자열";
			sourceTree = "<group>";
		};
		F87FD5C52A810E410032CBCD /* Day8 */ = {
			isa = PBXGroup;
			children = (
				F87FD5C62A810E4E0032CBCD /* 배열자르기.swift */,
				F87FD5C82A810E740032CBCD /* 외계행성의 나이.swift */,
				F87FD5CA2A810E790032CBCD /* 진료 순서정하기.swift */,
				F87FD5CC2A810E830032CBCD /* 순서쌍의 개수.swift */,
			);
			path = Day8;
			sourceTree = "<group>";
		};
		F8D578822A864CF900D1083B /* Day13 */ = {
			isa = PBXGroup;
			children = (
				F8D578832A864D2700D1083B /* n 번째 원소부터.swift */,
				F8D578852A8657D300D1083B /* 순서 바꾸기.swift */,
				F8D578872A8657DF00D1083B /* 왼쪽 오른쪽.swift */,
				F8D578892A86582400D1083B /* n 번쨰 원소까지.swift */,
				F8D5788B2A86592000D1083B /* n개 간격의 원소들.swift */,
			);
			path = Day13;
			sourceTree = "<group>";
		};
		F8D5788D2A86594C00D1083B /* Day12 */ = {
			isa = PBXGroup;
			children = (
				F8D5788E2A865C7900D1083B /* 모음 제거.swift */,
				F8D578902A865F8200D1083B /* 문자열 정렬하기(1).swift */,
				F8D578922A86603B00D1083B /* 숨어있는 숫자의 덧셈 (1).swift */,
				F8D578942A86626C00D1083B /* 소인수분해.swift */,
			);
			path = Day12;
			sourceTree = "<group>";
		};
		F8D578962A8662DF00D1083B /* Day13 */ = {
			isa = PBXGroup;
			children = (
				F8D578972A8664FC00D1083B /* 컨트롤 제트.swift */,
				F8D578992A8665B700D1083B /* 배열 원소의 길이.swift */,
				F83062B32A86F2E70002423B /* 중복된 문자 제거.swift */,
				F8602D6C2A874C9400C87FEF /* 삼각형의 완성조건(1).swift */,
			);
			path = Day13;
			sourceTree = "<group>";
		};
		F8D6E45D2A8B8AA80069CCF2 /* Day15 */ = {
			isa = PBXGroup;
			children = (
				F8D6E45E2A8B8AB50069CCF2 /* 조건에 맞게 수열 변환하기1.swift */,
				F8D6E4602A8B8DB60069CCF2 /* 조건에 맞게 수열 변환하기 2.swift */,
				F8D6E4622A8B8E510069CCF2 /* 1로 만들기.swift */,
				F8D6E4642A8B900B0069CCF2 /* 길이에 따른 연산.swift */,
				F8D6E4662A8B920B0069CCF2 /* 원하는 문자열 찾기.swift */,
			);
			path = Day15;
			sourceTree = "<group>";
		};
		F8D6E4682A8B92320069CCF2 /* Day15 */ = {
			isa = PBXGroup;
			children = (
				F8D6E4692A8B95370069CCF2 /* 영어가 싫어요.swift */,
				F8D6E46B2A8B96390069CCF2 /* 인덱스 바꾸기.swift */,
				F8D6E46D2A8B98D70069CCF2 /* 한 번만 등장한 문자.swift */,
				F8D6E46F2A8B99300069CCF2 /* 약수 구하기.swift */,
			);
			path = Day15;
			sourceTree = "<group>";
		};
		F8F3BB572A83BAFD0076D219 /* Day10 */ = {
			isa = PBXGroup;
			children = (
				F8F3BB582A83BB0B0076D219 /* 점의 위치 구하기.swift */,
				F8F3BB5A2A83BB120076D219 /* 2차원으로 만들기.swift */,
				F8F3BB5C2A83BB190076D219 /* 공 던지기.swift */,
				F8F3BB5E2A83BB200076D219 /* 배열 회전시키기.swift */,
			);
			path = Day10;
			sourceTree = "<group>";
		};
		F8F3BB602A83BBC30076D219 /* Day11 */ = {
			isa = PBXGroup;
			children = (
				F8F3BB612A83BBE80076D219 /* 문자 개수 세기.swift */,
				F8F3BB632A83BBF10076D219 /* 배열 만들기 1.swift */,
				F8F3BB652A83BBF80076D219 /* 글자 지우기.swift */,
				F8F3BB672A83BC1A0076D219 /* 카운트 다운.swift */,
				F8F3BB692A83BC210076D219 /* 가까운 1 찾기.swift */,
			);
			path = Day11;
			sourceTree = "<group>";
		};
/* End PBXGroup section */

/* Begin PBXNativeTarget section */
		F87FD5A72A810ACE0032CBCD /* algorithm_Swift */ = {
			isa = PBXNativeTarget;
			buildConfigurationList = F87FD5AF2A810ACF0032CBCD /* Build configuration list for PBXNativeTarget "algorithm_Swift" */;
			buildPhases = (
				F87FD5A42A810ACE0032CBCD /* Sources */,
				F87FD5A52A810ACE0032CBCD /* Frameworks */,
				F87FD5A62A810ACE0032CBCD /* CopyFiles */,
			);
			buildRules = (
			);
			dependencies = (
			);
			name = algorithm_Swift;
			productName = algorithm_Swift;
			productReference = F87FD5A82A810ACF0032CBCD /* algorithm_Swift */;
			productType = "com.apple.product-type.tool";
		};
/* End PBXNativeTarget section */

/* Begin PBXProject section */
		F87FD5A02A810ACE0032CBCD /* Project object */ = {
			isa = PBXProject;
			attributes = {
				BuildIndependentTargetsInParallel = 1;
				LastSwiftUpdateCheck = 1430;
				LastUpgradeCheck = 1430;
				TargetAttributes = {
					F87FD5A72A810ACE0032CBCD = {
						CreatedOnToolsVersion = 14.3;
					};
				};
			};
			buildConfigurationList = F87FD5A32A810ACE0032CBCD /* Build configuration list for PBXProject "algorithm_Swift" */;
			compatibilityVersion = "Xcode 14.0";
			developmentRegion = en;
			hasScannedForEncodings = 0;
			knownRegions = (
				en,
				Base,
			);
			mainGroup = F87FD59F2A810ACE0032CBCD;
			productRefGroup = F87FD5A92A810ACF0032CBCD /* Products */;
			projectDirPath = "";
			projectRoot = "";
			targets = (
				F87FD5A72A810ACE0032CBCD /* algorithm_Swift */,
			);
		};
/* End PBXProject section */

/* Begin PBXSourcesBuildPhase section */
		F87FD5A42A810ACE0032CBCD /* Sources */ = {
			isa = PBXSourcesBuildPhase;
			buildActionMask = 2147483647;
			files = (
				F8D5788C2A86592000D1083B /* n개 간격의 원소들.swift in Sources */,
				F87FD5BC2A810DD50032CBCD /* 배열 만들기 5.swift in Sources */,
				F8D578912A865F8200D1083B /* 문자열 정렬하기(1).swift in Sources */,
				F87C7F712A824AE70021878B /* 개미 군단.swift in Sources */,
				F8D5788A2A86582400D1083B /* n 번쨰 원소까지.swift in Sources */,
				F81E360D2A84CE4C00C9FF9E /* 배열 조각하기.swift in Sources */,
				F87FD5CD2A810E830032CBCD /* 순서쌍의 개수.swift in Sources */,
				F81E36102A84CFE900C9FF9E /* 주사위의 개수.swift in Sources */,
				F87FD5C02A810DFE0032CBCD /* 문자열 뒤의 n글자.swift in Sources */,
				F81E360B2A84CA9F00C9FF9E /* 2의 영역.swift in Sources */,
				F87C7F662A823ED10021878B /* 문자열의 앞의 n글자.swift in Sources */,
				F81E36142A84D19B00C9FF9E /* 최댓값 만들기 1.swift in Sources */,
				F87FD5AC2A810ACF0032CBCD /* main.swift in Sources */,
				F81E36092A84C80A00C9FF9E /* 배열 만들기 3.swift in Sources */,
				F83062B42A86F2E70002423B /* 중복된 문자 제거.swift in Sources */,
				F8F3BB5F2A83BB200076D219 /* 배열 회전시키기.swift in Sources */,
				F8D6E4702A8B99300069CCF2 /* 약수 구하기.swift in Sources */,
				F8D6E46C2A8B96390069CCF2 /* 인덱스 바꾸기.swift in Sources */,
				F8F3BB5B2A83BB120076D219 /* 2차원으로 만들기.swift in Sources */,
				F8F3BB592A83BB0B0076D219 /* 점의 위치 구하기.swift in Sources */,
				F8602D782A8A437900C87FEF /* 수열과 구간 쿼리 1.swift in Sources */,
				F8F3BB622A83BBE80076D219 /* 문자 개수 세기.swift in Sources */,
				F8F3BB5D2A83BB190076D219 /* 공 던지기.swift in Sources */,
				F81E36162A84D39B00C9FF9E /* 팩토리얼.swift in Sources */,
				F87FD5BE2A810DEA0032CBCD /* 부분 문자열 이어 붙여 문자열 만들기.swift in Sources */,
				F8D578952A86626C00D1083B /* 소인수분해.swift in Sources */,
				F87C7F6E2A824A710021878B /* qrcode.swift in Sources */,
				F87FD5CB2A810E790032CBCD /* 진료 순서정하기.swift in Sources */,
				F87C7F682A823F900021878B /* 접두사인지 확인하기.swift in Sources */,
				F8D6E46E2A8B98D70069CCF2 /* 한 번만 등장한 문자.swift in Sources */,
				F8D578982A8664FC00D1083B /* 컨트롤 제트.swift in Sources */,
				F8602D7D2A8A516D00C87FEF /* 369게임.swift in Sources */,
				F8D578882A8657DF00D1083B /* 왼쪽 오른쪽.swift in Sources */,
				F8602D742A8A425400C87FEF /* 할 일 목록.swift in Sources */,
				F87C7F772A8254650021878B /* 구슬을 나누는 경우의 수.swift in Sources */,
				F81E36122A84D0FA00C9FF9E /* 합성수 찾기.swift in Sources */,
				F8602D6D2A874C9400C87FEF /* 삼각형의 완성조건(1).swift in Sources */,
				F8D6E4632A8B8E510069CCF2 /* 1로 만들기.swift in Sources */,
				F8602D7B2A8A4DFC00C87FEF /* 가까운 수.swift in Sources */,
				F8D5788F2A865C7900D1083B /* 모음 제거.swift in Sources */,
				F8D578842A864D2700D1083B /* n 번째 원소부터.swift in Sources */,
				F8D6E45F2A8B8AB50069CCF2 /* 조건에 맞게 수열 변환하기1.swift in Sources */,
				F87FD5C22A810E0D0032CBCD /* 접미사 배열.swift in Sources */,
				F8F3BB6A2A83BC210076D219 /* 가까운 1 찾기.swift in Sources */,
				F8F3BB662A83BBF80076D219 /* 글자 지우기.swift in Sources */,
				F87C7F6C2A8246F00021878B /* 세로 읽기.swift in Sources */,
				F87FD5C92A810E740032CBCD /* 외계행성의 나이.swift in Sources */,
				F8D6E46A2A8B95370069CCF2 /* 영어가 싫어요.swift in Sources */,
				F8602D812A8A53D700C87FEF /* 대문자와 소문자.swift in Sources */,
				F8602D702A8A408000C87FEF /* 홀수 VS 짝수.swift in Sources */,
				F81E36072A84C73A00C9FF9E /* 첫번째로 나오는 음수.swift in Sources */,
				F8602D7F2A8A52F200C87FEF /* 암호 해독.swift in Sources */,
				F87FD5C42A810E230032CBCD /* 접미사인지 확인하기.swift in Sources */,
				F8F3BB642A83BBF10076D219 /* 배열 만들기 1.swift in Sources */,
				F8D6E4612A8B8DB60069CCF2 /* 조건에 맞게 수열 변환하기 2.swift in Sources */,
				F81E36052A84BFD800C9FF9E /* 리스트 자르기.swift in Sources */,
				F8D5789A2A8665B700D1083B /* 배열 원소의 길이.swift in Sources */,
				F8D578932A86603B00D1083B /* 숨어있는 숫자의 덧셈 (1).swift in Sources */,
				F87C7F752A8253600021878B /* 가위 바위 보.swift in Sources */,
				F87C7F732A8251DA0021878B /* 모스부호(1).swift in Sources */,
				F8F3BB682A83BC1A0076D219 /* 카운트 다운.swift in Sources */,
				F87FD5C72A810E4E0032CBCD /* 배열자르기.swift in Sources */,
				F8602D762A8A42DF00C87FEF /* n보다 커질때까지 더하기.swift in Sources */,
				F8602D722A8A40F000C87FEF /* 5명씩.swift in Sources */,
				F8D6E4652A8B900B0069CCF2 /* 길이에 따른 연산.swift in Sources */,
				F8D578862A8657D300D1083B /* 순서 바꾸기.swift in Sources */,
				F8D6E4672A8B920B0069CCF2 /* 원하는 문자열 찾기.swift in Sources */,
				F87C7F6A2A8240B00021878B /* 문자열뒤집기.swift in Sources */,
			);
			runOnlyForDeploymentPostprocessing = 0;
		};
/* End PBXSourcesBuildPhase section */

/* Begin XCBuildConfiguration section */
		F87FD5AD2A810ACF0032CBCD /* Debug */ = {
			isa = XCBuildConfiguration;
			buildSettings = {
				ALWAYS_SEARCH_USER_PATHS = NO;
				CLANG_ANALYZER_NONNULL = YES;
				CLANG_ANALYZER_NUMBER_OBJECT_CONVERSION = YES_AGGRESSIVE;
				CLANG_CXX_LANGUAGE_STANDARD = "gnu++20";
				CLANG_ENABLE_MODULES = YES;
				CLANG_ENABLE_OBJC_ARC = YES;
				CLANG_ENABLE_OBJC_WEAK = YES;
				CLANG_WARN_BLOCK_CAPTURE_AUTORELEASING = YES;
				CLANG_WARN_BOOL_CONVERSION = YES;
				CLANG_WARN_COMMA = YES;
				CLANG_WARN_CONSTANT_CONVERSION = YES;
				CLANG_WARN_DEPRECATED_OBJC_IMPLEMENTATIONS = YES;
				CLANG_WARN_DIRECT_OBJC_ISA_USAGE = YES_ERROR;
				CLANG_WARN_DOCUMENTATION_COMMENTS = YES;
				CLANG_WARN_EMPTY_BODY = YES;
				CLANG_WARN_ENUM_CONVERSION = YES;
				CLANG_WARN_INFINITE_RECURSION = YES;
				CLANG_WARN_INT_CONVERSION = YES;
				CLANG_WARN_NON_LITERAL_NULL_CONVERSION = YES;
				CLANG_WARN_OBJC_IMPLICIT_RETAIN_SELF = YES;
				CLANG_WARN_OBJC_LITERAL_CONVERSION = YES;
				CLANG_WARN_OBJC_ROOT_CLASS = YES_ERROR;
				CLANG_WARN_QUOTED_INCLUDE_IN_FRAMEWORK_HEADER = YES;
				CLANG_WARN_RANGE_LOOP_ANALYSIS = YES;
				CLANG_WARN_STRICT_PROTOTYPES = YES;
				CLANG_WARN_SUSPICIOUS_MOVE = YES;
				CLANG_WARN_UNGUARDED_AVAILABILITY = YES_AGGRESSIVE;
				CLANG_WARN_UNREACHABLE_CODE = YES;
				CLANG_WARN__DUPLICATE_METHOD_MATCH = YES;
				COPY_PHASE_STRIP = NO;
				DEBUG_INFORMATION_FORMAT = dwarf;
				ENABLE_STRICT_OBJC_MSGSEND = YES;
				ENABLE_TESTABILITY = YES;
				GCC_C_LANGUAGE_STANDARD = gnu11;
				GCC_DYNAMIC_NO_PIC = NO;
				GCC_NO_COMMON_BLOCKS = YES;
				GCC_OPTIMIZATION_LEVEL = 0;
				GCC_PREPROCESSOR_DEFINITIONS = (
					"DEBUG=1",
					"$(inherited)",
				);
				GCC_WARN_64_TO_32_BIT_CONVERSION = YES;
				GCC_WARN_ABOUT_RETURN_TYPE = YES_ERROR;
				GCC_WARN_UNDECLARED_SELECTOR = YES;
				GCC_WARN_UNINITIALIZED_AUTOS = YES_AGGRESSIVE;
				GCC_WARN_UNUSED_FUNCTION = YES;
				GCC_WARN_UNUSED_VARIABLE = YES;
				MACOSX_DEPLOYMENT_TARGET = 13.3;
				MTL_ENABLE_DEBUG_INFO = INCLUDE_SOURCE;
				MTL_FAST_MATH = YES;
				ONLY_ACTIVE_ARCH = YES;
				SDKROOT = macosx;
				SWIFT_ACTIVE_COMPILATION_CONDITIONS = DEBUG;
				SWIFT_OPTIMIZATION_LEVEL = "-Onone";
			};
			name = Debug;
		};
		F87FD5AE2A810ACF0032CBCD /* Release */ = {
			isa = XCBuildConfiguration;
			buildSettings = {
				ALWAYS_SEARCH_USER_PATHS = NO;
				CLANG_ANALYZER_NONNULL = YES;
				CLANG_ANALYZER_NUMBER_OBJECT_CONVERSION = YES_AGGRESSIVE;
				CLANG_CXX_LANGUAGE_STANDARD = "gnu++20";
				CLANG_ENABLE_MODULES = YES;
				CLANG_ENABLE_OBJC_ARC = YES;
				CLANG_ENABLE_OBJC_WEAK = YES;
				CLANG_WARN_BLOCK_CAPTURE_AUTORELEASING = YES;
				CLANG_WARN_BOOL_CONVERSION = YES;
				CLANG_WARN_COMMA = YES;
				CLANG_WARN_CONSTANT_CONVERSION = YES;
				CLANG_WARN_DEPRECATED_OBJC_IMPLEMENTATIONS = YES;
				CLANG_WARN_DIRECT_OBJC_ISA_USAGE = YES_ERROR;
				CLANG_WARN_DOCUMENTATION_COMMENTS = YES;
				CLANG_WARN_EMPTY_BODY = YES;
				CLANG_WARN_ENUM_CONVERSION = YES;
				CLANG_WARN_INFINITE_RECURSION = YES;
				CLANG_WARN_INT_CONVERSION = YES;
				CLANG_WARN_NON_LITERAL_NULL_CONVERSION = YES;
				CLANG_WARN_OBJC_IMPLICIT_RETAIN_SELF = YES;
				CLANG_WARN_OBJC_LITERAL_CONVERSION = YES;
				CLANG_WARN_OBJC_ROOT_CLASS = YES_ERROR;
				CLANG_WARN_QUOTED_INCLUDE_IN_FRAMEWORK_HEADER = YES;
				CLANG_WARN_RANGE_LOOP_ANALYSIS = YES;
				CLANG_WARN_STRICT_PROTOTYPES = YES;
				CLANG_WARN_SUSPICIOUS_MOVE = YES;
				CLANG_WARN_UNGUARDED_AVAILABILITY = YES_AGGRESSIVE;
				CLANG_WARN_UNREACHABLE_CODE = YES;
				CLANG_WARN__DUPLICATE_METHOD_MATCH = YES;
				COPY_PHASE_STRIP = NO;
				DEBUG_INFORMATION_FORMAT = "dwarf-with-dsym";
				ENABLE_NS_ASSERTIONS = NO;
				ENABLE_STRICT_OBJC_MSGSEND = YES;
				GCC_C_LANGUAGE_STANDARD = gnu11;
				GCC_NO_COMMON_BLOCKS = YES;
				GCC_WARN_64_TO_32_BIT_CONVERSION = YES;
				GCC_WARN_ABOUT_RETURN_TYPE = YES_ERROR;
				GCC_WARN_UNDECLARED_SELECTOR = YES;
				GCC_WARN_UNINITIALIZED_AUTOS = YES_AGGRESSIVE;
				GCC_WARN_UNUSED_FUNCTION = YES;
				GCC_WARN_UNUSED_VARIABLE = YES;
				MACOSX_DEPLOYMENT_TARGET = 13.3;
				MTL_ENABLE_DEBUG_INFO = NO;
				MTL_FAST_MATH = YES;
				SDKROOT = macosx;
				SWIFT_COMPILATION_MODE = wholemodule;
				SWIFT_OPTIMIZATION_LEVEL = "-O";
			};
			name = Release;
		};
		F87FD5B02A810ACF0032CBCD /* Debug */ = {
			isa = XCBuildConfiguration;
			buildSettings = {
				CODE_SIGN_STYLE = Automatic;
				DEVELOPMENT_TEAM = 4G47XHXXQX;
				ENABLE_HARDENED_RUNTIME = YES;
				PRODUCT_NAME = "$(TARGET_NAME)";
				SWIFT_VERSION = 5.0;
			};
			name = Debug;
		};
		F87FD5B12A810ACF0032CBCD /* Release */ = {
			isa = XCBuildConfiguration;
			buildSettings = {
				CODE_SIGN_STYLE = Automatic;
				DEVELOPMENT_TEAM = 4G47XHXXQX;
				ENABLE_HARDENED_RUNTIME = YES;
				PRODUCT_NAME = "$(TARGET_NAME)";
				SWIFT_VERSION = 5.0;
			};
			name = Release;
		};
/* End XCBuildConfiguration section */

/* Begin XCConfigurationList section */
		F87FD5A32A810ACE0032CBCD /* Build configuration list for PBXProject "algorithm_Swift" */ = {
			isa = XCConfigurationList;
			buildConfigurations = (
				F87FD5AD2A810ACF0032CBCD /* Debug */,
				F87FD5AE2A810ACF0032CBCD /* Release */,
			);
			defaultConfigurationIsVisible = 0;
			defaultConfigurationName = Release;
		};
		F87FD5AF2A810ACF0032CBCD /* Build configuration list for PBXNativeTarget "algorithm_Swift" */ = {
			isa = XCConfigurationList;
			buildConfigurations = (
				F87FD5B02A810ACF0032CBCD /* Debug */,
				F87FD5B12A810ACF0032CBCD /* Release */,
			);
			defaultConfigurationIsVisible = 0;
			defaultConfigurationName = Release;
		};
/* End XCConfigurationList section */
	};
	rootObject = F87FD5A02A810ACE0032CBCD /* Project object */;
}
