// !$*UTF8*$!
{
	archiveVersion = 1;
	classes = {
	};
	objectVersion = 56;
	objects = {

/* Begin PBXBuildFile section */
		F802AF9D2AEA592F0010FEF3 /* 부분 문자열.swift in Sources */ = {isa = PBXBuildFile; fileRef = F802AF9C2AEA592F0010FEF3 /* 부분 문자열.swift */; };
		F802AF9F2AEA599D0010FEF3 /* 꼬리 문자열.swift in Sources */ = {isa = PBXBuildFile; fileRef = F802AF9E2AEA599D0010FEF3 /* 꼬리 문자열.swift */; };
		F802AFA12AEA5A6D0010FEF3 /* 정수 찾기.swift in Sources */ = {isa = PBXBuildFile; fileRef = F802AFA02AEA5A6D0010FEF3 /* 정수 찾기.swift */; };
		F802AFA32AEA5B5E0010FEF3 /* 주사위 게임 1.swift in Sources */ = {isa = PBXBuildFile; fileRef = F802AFA22AEA5B5E0010FEF3 /* 주사위 게임 1.swift */; };
		F802AFA52AEA5D250010FEF3 /* 날짜 비교하기.swift in Sources */ = {isa = PBXBuildFile; fileRef = F802AFA42AEA5D250010FEF3 /* 날짜 비교하기.swift */; };
		F802AFAA2AEA67870010FEF3 /* 옹알이 (1).swift in Sources */ = {isa = PBXBuildFile; fileRef = F802AFA92AEA67870010FEF3 /* 옹알이 (1).swift */; };
		F802AFAD2AEA68CA0010FEF3 /* 로그인 성공?.swift in Sources */ = {isa = PBXBuildFile; fileRef = F802AFAC2AEA68CA0010FEF3 /* 로그인 성공?.swift */; };
		F80FA19E2A94BC5200EF72A0 /* 세 개의 구분자.swift in Sources */ = {isa = PBXBuildFile; fileRef = F80FA19D2A94BC5200EF72A0 /* 세 개의 구분자.swift */; };
		F80FA1A02A94BCFD00EF72A0 /* 배열의 원소만큼 추가하기.swift in Sources */ = {isa = PBXBuildFile; fileRef = F80FA19F2A94BCFD00EF72A0 /* 배열의 원소만큼 추가하기.swift */; };
		F80FA1A22A94BE6F00EF72A0 /* 빈 배열에 추가, 삭제하기.swift in Sources */ = {isa = PBXBuildFile; fileRef = F80FA1A12A94BE6F00EF72A0 /* 빈 배열에 추가, 삭제하기.swift */; };
		F80FA1A42A94BF8600EF72A0 /* 배열 만들기 6.swift in Sources */ = {isa = PBXBuildFile; fileRef = F80FA1A32A94BF8600EF72A0 /* 배열 만들기 6.swift */; };
		F80FA1A62A94C23500EF72A0 /* 무작위로 k개의 수 뽑기.swift in Sources */ = {isa = PBXBuildFile; fileRef = F80FA1A52A94C23500EF72A0 /* 무작위로 k개의 수 뽑기.swift */; };
		F80FA1A92A94C2DE00EF72A0 /* 7의 개수.swift in Sources */ = {isa = PBXBuildFile; fileRef = F80FA1A82A94C2DE00EF72A0 /* 7의 개수.swift */; };
		F80FA1AB2A94C3D200EF72A0 /* 잘라서 배열로 저장하기.swift in Sources */ = {isa = PBXBuildFile; fileRef = F80FA1AA2A94C3D200EF72A0 /* 잘라서 배열로 저장하기.swift */; };
		F80FA1AD2A94C4C200EF72A0 /* 중복된 숫자 개수.swift in Sources */ = {isa = PBXBuildFile; fileRef = F80FA1AC2A94C4C200EF72A0 /* 중복된 숫자 개수.swift */; };
		F80FA1AF2A94C50A00EF72A0 /* 머쓱이보다 키 큰사람.swift in Sources */ = {isa = PBXBuildFile; fileRef = F80FA1AE2A94C50A00EF72A0 /* 머쓱이보다 키 큰사람.swift */; };
		F81E36052A84BFD800C9FF9E /* 리스트 자르기.swift in Sources */ = {isa = PBXBuildFile; fileRef = F81E36042A84BFD800C9FF9E /* 리스트 자르기.swift */; };
		F81E36072A84C73A00C9FF9E /* 첫번째로 나오는 음수.swift in Sources */ = {isa = PBXBuildFile; fileRef = F81E36062A84C73A00C9FF9E /* 첫번째로 나오는 음수.swift */; };
		F81E36092A84C80A00C9FF9E /* 배열 만들기 3.swift in Sources */ = {isa = PBXBuildFile; fileRef = F81E36082A84C80A00C9FF9E /* 배열 만들기 3.swift */; };
		F81E360B2A84CA9F00C9FF9E /* 2의 영역.swift in Sources */ = {isa = PBXBuildFile; fileRef = F81E360A2A84CA9F00C9FF9E /* 2의 영역.swift */; };
		F81E360D2A84CE4C00C9FF9E /* 배열 조각하기.swift in Sources */ = {isa = PBXBuildFile; fileRef = F81E360C2A84CE4C00C9FF9E /* 배열 조각하기.swift */; };
		F81E36102A84CFE900C9FF9E /* 주사위의 개수.swift in Sources */ = {isa = PBXBuildFile; fileRef = F81E360F2A84CFE900C9FF9E /* 주사위의 개수.swift */; };
		F81E36122A84D0FA00C9FF9E /* 합성수 찾기.swift in Sources */ = {isa = PBXBuildFile; fileRef = F81E36112A84D0FA00C9FF9E /* 합성수 찾기.swift */; };
		F81E36142A84D19B00C9FF9E /* 최댓값 만들기 1.swift in Sources */ = {isa = PBXBuildFile; fileRef = F81E36132A84D19B00C9FF9E /* 최댓값 만들기 1.swift */; };
		F81E36162A84D39B00C9FF9E /* 팩토리얼.swift in Sources */ = {isa = PBXBuildFile; fileRef = F81E36152A84D39B00C9FF9E /* 팩토리얼.swift */; };
		F83062B42A86F2E70002423B /* 중복된 문자 제거.swift in Sources */ = {isa = PBXBuildFile; fileRef = F83062B32A86F2E70002423B /* 중복된 문자 제거.swift */; };
		F83BD7DF2A93688700C6D94B /* x 사이의 개수.swift in Sources */ = {isa = PBXBuildFile; fileRef = F83BD7DE2A93688700C6D94B /* x 사이의 개수.swift */; };
		F83BD7E12A93690600C6D94B /* 문자열 잘라서 정렬하기.swift in Sources */ = {isa = PBXBuildFile; fileRef = F83BD7E02A93690600C6D94B /* 문자열 잘라서 정렬하기.swift */; };
		F83BD7E32A936B4D00C6D94B /* 간단한식 계산하기.swift in Sources */ = {isa = PBXBuildFile; fileRef = F83BD7E22A936B4D00C6D94B /* 간단한식 계산하기.swift */; };
		F83BD7E52A936C3F00C6D94B /* 문자열바꿔서찾기.swift in Sources */ = {isa = PBXBuildFile; fileRef = F83BD7E42A936C3F00C6D94B /* 문자열바꿔서찾기.swift */; };
		F83BD7E82A936CEF00C6D94B /* rny_string.swift in Sources */ = {isa = PBXBuildFile; fileRef = F83BD7E72A936CEF00C6D94B /* rny_string.swift */; };
		F83BD7EB2A936D3500C6D94B /* 문자열안에 문자열.swift in Sources */ = {isa = PBXBuildFile; fileRef = F83BD7EA2A936D3500C6D94B /* 문자열안에 문자열.swift */; };
		F83BD7EE2A936DCE00C6D94B /* 제곱수 판별하기.swift in Sources */ = {isa = PBXBuildFile; fileRef = F83BD7ED2A936DCE00C6D94B /* 제곱수 판별하기.swift */; };
		F83BD7F02A936EB800C6D94B /* 세균 증식.swift in Sources */ = {isa = PBXBuildFile; fileRef = F83BD7EF2A936EB800C6D94B /* 세균 증식.swift */; };
		F83BD7F22A936F5A00C6D94B /* 문자열 정렬하기 (2).swift in Sources */ = {isa = PBXBuildFile; fileRef = F83BD7F12A936F5A00C6D94B /* 문자열 정렬하기 (2).swift */; };
		F8442EB22AE178980019AC60 /* 0 떼기.swift in Sources */ = {isa = PBXBuildFile; fileRef = F8442EB12AE178980019AC60 /* 0 떼기.swift */; };
		F846F1462AF8D13F00D80F8A /* 커피 심부름.swift in Sources */ = {isa = PBXBuildFile; fileRef = F846F1452AF8D13F00D80F8A /* 커피 심부름.swift */; };
		F85E7AA52AFA78B50090F72F /* 조건에 맞게 수열 변환하기 3.swift in Sources */ = {isa = PBXBuildFile; fileRef = F85E7AA42AFA78B50090F72F /* 조건에 맞게 수열 변환하기 3.swift */; };
		F85E7AA72AFA78BF0090F72F /* 그림확대.swift in Sources */ = {isa = PBXBuildFile; fileRef = F85E7AA62AFA78BF0090F72F /* 그림확대.swift */; };
		F8602D6D2A874C9400C87FEF /* 삼각형의 완성조건(1).swift in Sources */ = {isa = PBXBuildFile; fileRef = F8602D6C2A874C9400C87FEF /* 삼각형의 완성조건(1).swift */; };
		F8602D702A8A408000C87FEF /* 홀수 VS 짝수.swift in Sources */ = {isa = PBXBuildFile; fileRef = F8602D6F2A8A408000C87FEF /* 홀수 VS 짝수.swift */; };
		F8602D722A8A40F000C87FEF /* 5명씩.swift in Sources */ = {isa = PBXBuildFile; fileRef = F8602D712A8A40F000C87FEF /* 5명씩.swift */; };
		F8602D742A8A425400C87FEF /* 할 일 목록.swift in Sources */ = {isa = PBXBuildFile; fileRef = F8602D732A8A425400C87FEF /* 할 일 목록.swift */; };
		F8602D762A8A42DF00C87FEF /* n보다 커질때까지 더하기.swift in Sources */ = {isa = PBXBuildFile; fileRef = F8602D752A8A42DF00C87FEF /* n보다 커질때까지 더하기.swift */; };
		F8602D782A8A437900C87FEF /* 수열과 구간 쿼리 1.swift in Sources */ = {isa = PBXBuildFile; fileRef = F8602D772A8A437900C87FEF /* 수열과 구간 쿼리 1.swift */; };
		F8602D7B2A8A4DFC00C87FEF /* 가까운 수.swift in Sources */ = {isa = PBXBuildFile; fileRef = F8602D7A2A8A4DFC00C87FEF /* 가까운 수.swift */; };
		F8602D7D2A8A516D00C87FEF /* 369게임.swift in Sources */ = {isa = PBXBuildFile; fileRef = F8602D7C2A8A516D00C87FEF /* 369게임.swift */; };
		F8602D7F2A8A52F200C87FEF /* 암호 해독.swift in Sources */ = {isa = PBXBuildFile; fileRef = F8602D7E2A8A52F200C87FEF /* 암호 해독.swift */; };
		F8602D812A8A53D700C87FEF /* 대문자와 소문자.swift in Sources */ = {isa = PBXBuildFile; fileRef = F8602D802A8A53D700C87FEF /* 대문자와 소문자.swift */; };
		F87953EE2A8DF57E00CC7C95 /* 특정 문자열로 끝나는 가장 긴 부분 문자열 찾기.swift in Sources */ = {isa = PBXBuildFile; fileRef = F87953ED2A8DF57E00CC7C95 /* 특정 문자열로 끝나는 가장 긴 부분 문자열 찾기.swift */; };
		F87953F02A8DF71100CC7C95 /* 문자열이 몇 번 등장하는지 세기.swift in Sources */ = {isa = PBXBuildFile; fileRef = F87953EF2A8DF71100CC7C95 /* 문자열이 몇 번 등장하는지 세기.swift */; };
		F87953F22A8DFA7E00CC7C95 /* ad 제거하기.swift in Sources */ = {isa = PBXBuildFile; fileRef = F87953F12A8DFA7E00CC7C95 /* ad 제거하기.swift */; };
		F87953F42A8DFB0000CC7C95 /* 공백으로 구분하기 1.swift in Sources */ = {isa = PBXBuildFile; fileRef = F87953F32A8DFB0000CC7C95 /* 공백으로 구분하기 1.swift */; };
		F87953F72A8DFD2300CC7C95 /* 숫자 찾기.swift in Sources */ = {isa = PBXBuildFile; fileRef = F87953F62A8DFD2300CC7C95 /* 숫자 찾기.swift */; };
		F87953F92A8E012600CC7C95 /* n의 배수 고르기.swift in Sources */ = {isa = PBXBuildFile; fileRef = F87953F82A8E012600CC7C95 /* n의 배수 고르기.swift */; };
		F87953FB2A8E01CF00CC7C95 /* 자릿수 더하기.swift in Sources */ = {isa = PBXBuildFile; fileRef = F87953FA2A8E01CF00CC7C95 /* 자릿수 더하기.swift */; };
		F87953FD2A8E035300CC7C95 /* OX퀴즈.swift in Sources */ = {isa = PBXBuildFile; fileRef = F87953FC2A8E035300CC7C95 /* OX퀴즈.swift */; };
		F87C7F662A823ED10021878B /* 문자열의 앞의 n글자.swift in Sources */ = {isa = PBXBuildFile; fileRef = F87C7F652A823ED10021878B /* 문자열의 앞의 n글자.swift */; };
		F87C7F682A823F900021878B /* 접두사인지 확인하기.swift in Sources */ = {isa = PBXBuildFile; fileRef = F87C7F672A823F900021878B /* 접두사인지 확인하기.swift */; };
		F87C7F6A2A8240B00021878B /* 문자열뒤집기.swift in Sources */ = {isa = PBXBuildFile; fileRef = F87C7F692A8240B00021878B /* 문자열뒤집기.swift */; };
		F87C7F6C2A8246F00021878B /* 세로 읽기.swift in Sources */ = {isa = PBXBuildFile; fileRef = F87C7F6B2A8246F00021878B /* 세로 읽기.swift */; };
		F87C7F6E2A824A710021878B /* qrcode.swift in Sources */ = {isa = PBXBuildFile; fileRef = F87C7F6D2A824A710021878B /* qrcode.swift */; };
		F87C7F712A824AE70021878B /* 개미 군단.swift in Sources */ = {isa = PBXBuildFile; fileRef = F87C7F702A824AE70021878B /* 개미 군단.swift */; };
		F87C7F732A8251DA0021878B /* 모스부호(1).swift in Sources */ = {isa = PBXBuildFile; fileRef = F87C7F722A8251DA0021878B /* 모스부호(1).swift */; };
		F87C7F752A8253600021878B /* 가위 바위 보.swift in Sources */ = {isa = PBXBuildFile; fileRef = F87C7F742A8253600021878B /* 가위 바위 보.swift */; };
		F87C7F772A8254650021878B /* 구슬을 나누는 경우의 수.swift in Sources */ = {isa = PBXBuildFile; fileRef = F87C7F762A8254650021878B /* 구슬을 나누는 경우의 수.swift */; };
		F87FD5AC2A810ACF0032CBCD /* main.swift in Sources */ = {isa = PBXBuildFile; fileRef = F87FD5AB2A810ACF0032CBCD /* main.swift */; };
		F87FD5BC2A810DD50032CBCD /* 배열 만들기 5.swift in Sources */ = {isa = PBXBuildFile; fileRef = F87FD5BB2A810DD50032CBCD /* 배열 만들기 5.swift */; };
		F87FD5BE2A810DEA0032CBCD /* 부분 문자열 이어 붙여 문자열 만들기.swift in Sources */ = {isa = PBXBuildFile; fileRef = F87FD5BD2A810DEA0032CBCD /* 부분 문자열 이어 붙여 문자열 만들기.swift */; };
		F87FD5C02A810DFE0032CBCD /* 문자열 뒤의 n글자.swift in Sources */ = {isa = PBXBuildFile; fileRef = F87FD5BF2A810DFE0032CBCD /* 문자열 뒤의 n글자.swift */; };
		F87FD5C22A810E0D0032CBCD /* 접미사 배열.swift in Sources */ = {isa = PBXBuildFile; fileRef = F87FD5C12A810E0D0032CBCD /* 접미사 배열.swift */; };
		F87FD5C42A810E230032CBCD /* 접미사인지 확인하기.swift in Sources */ = {isa = PBXBuildFile; fileRef = F87FD5C32A810E230032CBCD /* 접미사인지 확인하기.swift */; };
		F87FD5C72A810E4E0032CBCD /* 배열자르기.swift in Sources */ = {isa = PBXBuildFile; fileRef = F87FD5C62A810E4E0032CBCD /* 배열자르기.swift */; };
		F87FD5C92A810E740032CBCD /* 외계행성의 나이.swift in Sources */ = {isa = PBXBuildFile; fileRef = F87FD5C82A810E740032CBCD /* 외계행성의 나이.swift */; };
		F87FD5CB2A810E790032CBCD /* 진료 순서정하기.swift in Sources */ = {isa = PBXBuildFile; fileRef = F87FD5CA2A810E790032CBCD /* 진료 순서정하기.swift */; };
		F87FD5CD2A810E830032CBCD /* 순서쌍의 개수.swift in Sources */ = {isa = PBXBuildFile; fileRef = F87FD5CC2A810E830032CBCD /* 순서쌍의 개수.swift */; };
		F885E7DA2AFA847300422226 /* I로 만들기.swift in Sources */ = {isa = PBXBuildFile; fileRef = F885E7D92AFA847300422226 /* I로 만들기.swift */; };
		F885E7DC2AFA849400422226 /* 특별한 이차원 배열 1.swift in Sources */ = {isa = PBXBuildFile; fileRef = F885E7DB2AFA849400422226 /* 특별한 이차원 배열 1.swift */; };
		F885E7E12AFA8AC500422226 /* 이진수 더하기.swift in Sources */ = {isa = PBXBuildFile; fileRef = F885E7E02AFA8AC500422226 /* 이진수 더하기.swift */; };
		F885E7E32AFA8AEA00422226 /* 치킨 쿠폰.swift in Sources */ = {isa = PBXBuildFile; fileRef = F885E7E22AFA8AEA00422226 /* 치킨 쿠폰.swift */; };
		F885E7E52AFA8AFB00422226 /* A로 B 만들기.swift in Sources */ = {isa = PBXBuildFile; fileRef = F885E7E42AFA8AFB00422226 /* A로 B 만들기.swift */; };
		F885E7E72AFA8B8D00422226 /* k의 개수.swift in Sources */ = {isa = PBXBuildFile; fileRef = F885E7E62AFA8B8D00422226 /* k의 개수.swift */; };
		F896020E2AD928BF000E81EC /* 뒤에서 5등 위로.swift in Sources */ = {isa = PBXBuildFile; fileRef = F896020D2AD928BF000E81EC /* 뒤에서 5등 위로.swift */; };
		F89602102AD928CF000E81EC /* 전국 대회 선발 고사.swift in Sources */ = {isa = PBXBuildFile; fileRef = F896020F2AD928CF000E81EC /* 전국 대회 선발 고사.swift */; };
		F89602122AD92FFE000E81EC /* 정수 부분.swift in Sources */ = {isa = PBXBuildFile; fileRef = F89602112AD92FFE000E81EC /* 정수 부분.swift */; };
		F89602142AD93145000E81EC /* 문자열 정수의 합.swift in Sources */ = {isa = PBXBuildFile; fileRef = F89602132AD93145000E81EC /* 문자열 정수의 합.swift */; };
		F89602162AD93171000E81EC /* 문자열을 정수로 변환하기.swift in Sources */ = {isa = PBXBuildFile; fileRef = F89602152AD93171000E81EC /* 문자열을 정수로 변환하기.swift */; };
		F89602192AD9392F000E81EC /* 숨어있는 숫자의 덧셈(2).swift in Sources */ = {isa = PBXBuildFile; fileRef = F89602182AD9392F000E81EC /* 숨어있는 숫자의 덧셈(2).swift */; };
		F8B290FA2A8CBA2B003D48AD /* 대문자로 바꾸기.swift in Sources */ = {isa = PBXBuildFile; fileRef = F8B290F92A8CBA2B003D48AD /* 대문자로 바꾸기.swift */; };
		F8B290FC2A8CBAA6003D48AD /* 소문자로 바꾸기.swift in Sources */ = {isa = PBXBuildFile; fileRef = F8B290FB2A8CBAA6003D48AD /* 소문자로 바꾸기.swift */; };
		F8B290FE2A8CBB6D003D48AD /* 배열에서 문자열 대소문자 변환하기.swift in Sources */ = {isa = PBXBuildFile; fileRef = F8B290FD2A8CBB6D003D48AD /* 배열에서 문자열 대소문자 변환하기.swift */; };
		F8B291002A8CBC26003D48AD /* A 강조하기.swift in Sources */ = {isa = PBXBuildFile; fileRef = F8B290FF2A8CBC26003D48AD /* A 강조하기.swift */; };
		F8B291022A8CBCF4003D48AD /* 특정한 문자를 대문자로 바꾸기.swift in Sources */ = {isa = PBXBuildFile; fileRef = F8B291012A8CBCF4003D48AD /* 특정한 문자를 대문자로 바꾸기.swift */; };
		F8B291052A8CBD24003D48AD /* 편지.swift in Sources */ = {isa = PBXBuildFile; fileRef = F8B291042A8CBD24003D48AD /* 편지.swift */; };
		F8B291072A8CBD72003D48AD /* 가장 큰수 찾기.swift in Sources */ = {isa = PBXBuildFile; fileRef = F8B291062A8CBD72003D48AD /* 가장 큰수 찾기.swift */; };
		F8B291092A8CBFED003D48AD /* 문자열 계산하기.swift in Sources */ = {isa = PBXBuildFile; fileRef = F8B291082A8CBFED003D48AD /* 문자열 계산하기.swift */; };
		F8B2910B2A8CC07F003D48AD /* 배열의 유사도.swift in Sources */ = {isa = PBXBuildFile; fileRef = F8B2910A2A8CC07F003D48AD /* 배열의 유사도.swift */; };
		F8D1F2862AE28CA4008F57E8 /* 두 수의 합.swift in Sources */ = {isa = PBXBuildFile; fileRef = F8D1F2852AE28CA4008F57E8 /* 두 수의 합.swift */; };
		F8D1F2892AE28D80008F57E8 /* 배열의 원소 삭제하기.swift in Sources */ = {isa = PBXBuildFile; fileRef = F8D1F2882AE28D80008F57E8 /* 배열의 원소 삭제하기.swift */; };
		F8D1F28B2AE28E30008F57E8 /* 부분 문자열인지 확인하기.swift in Sources */ = {isa = PBXBuildFile; fileRef = F8D1F28A2AE28E30008F57E8 /* 부분 문자열인지 확인하기.swift */; };
		F8D1F28E2AE291E4008F57E8 /* 저주의 숫자 3.swift in Sources */ = {isa = PBXBuildFile; fileRef = F8D1F28D2AE291E4008F57E8 /* 저주의 숫자 3.swift */; };
		F8D1F2902AE296F1008F57E8 /* 겹치는 선분의 길이.swift in Sources */ = {isa = PBXBuildFile; fileRef = F8D1F28F2AE296F1008F57E8 /* 겹치는 선분의 길이.swift */; };
		F8D578842A864D2700D1083B /* n 번째 원소부터.swift in Sources */ = {isa = PBXBuildFile; fileRef = F8D578832A864D2700D1083B /* n 번째 원소부터.swift */; };
		F8D578862A8657D300D1083B /* 순서 바꾸기.swift in Sources */ = {isa = PBXBuildFile; fileRef = F8D578852A8657D300D1083B /* 순서 바꾸기.swift */; };
		F8D578882A8657DF00D1083B /* 왼쪽 오른쪽.swift in Sources */ = {isa = PBXBuildFile; fileRef = F8D578872A8657DF00D1083B /* 왼쪽 오른쪽.swift */; };
		F8D5788A2A86582400D1083B /* n 번쨰 원소까지.swift in Sources */ = {isa = PBXBuildFile; fileRef = F8D578892A86582400D1083B /* n 번쨰 원소까지.swift */; };
		F8D5788C2A86592000D1083B /* n개 간격의 원소들.swift in Sources */ = {isa = PBXBuildFile; fileRef = F8D5788B2A86592000D1083B /* n개 간격의 원소들.swift */; };
		F8D5788F2A865C7900D1083B /* 모음 제거.swift in Sources */ = {isa = PBXBuildFile; fileRef = F8D5788E2A865C7900D1083B /* 모음 제거.swift */; };
		F8D578912A865F8200D1083B /* 문자열 정렬하기(1).swift in Sources */ = {isa = PBXBuildFile; fileRef = F8D578902A865F8200D1083B /* 문자열 정렬하기(1).swift */; };
		F8D578932A86603B00D1083B /* 숨어있는 숫자의 덧셈 (1).swift in Sources */ = {isa = PBXBuildFile; fileRef = F8D578922A86603B00D1083B /* 숨어있는 숫자의 덧셈 (1).swift */; };
		F8D578952A86626C00D1083B /* 소인수분해.swift in Sources */ = {isa = PBXBuildFile; fileRef = F8D578942A86626C00D1083B /* 소인수분해.swift */; };
		F8D578982A8664FC00D1083B /* 컨트롤 제트.swift in Sources */ = {isa = PBXBuildFile; fileRef = F8D578972A8664FC00D1083B /* 컨트롤 제트.swift */; };
		F8D5789A2A8665B700D1083B /* 배열 원소의 길이.swift in Sources */ = {isa = PBXBuildFile; fileRef = F8D578992A8665B700D1083B /* 배열 원소의 길이.swift */; };
		F8D6E45F2A8B8AB50069CCF2 /* 조건에 맞게 수열 변환하기1.swift in Sources */ = {isa = PBXBuildFile; fileRef = F8D6E45E2A8B8AB50069CCF2 /* 조건에 맞게 수열 변환하기1.swift */; };
		F8D6E4612A8B8DB60069CCF2 /* 조건에 맞게 수열 변환하기 2.swift in Sources */ = {isa = PBXBuildFile; fileRef = F8D6E4602A8B8DB60069CCF2 /* 조건에 맞게 수열 변환하기 2.swift */; };
		F8D6E4632A8B8E510069CCF2 /* 1로 만들기.swift in Sources */ = {isa = PBXBuildFile; fileRef = F8D6E4622A8B8E510069CCF2 /* 1로 만들기.swift */; };
		F8D6E4652A8B900B0069CCF2 /* 길이에 따른 연산.swift in Sources */ = {isa = PBXBuildFile; fileRef = F8D6E4642A8B900B0069CCF2 /* 길이에 따른 연산.swift */; };
		F8D6E4672A8B920B0069CCF2 /* 원하는 문자열 찾기.swift in Sources */ = {isa = PBXBuildFile; fileRef = F8D6E4662A8B920B0069CCF2 /* 원하는 문자열 찾기.swift */; };
		F8D6E46A2A8B95370069CCF2 /* 영어가 싫어요.swift in Sources */ = {isa = PBXBuildFile; fileRef = F8D6E4692A8B95370069CCF2 /* 영어가 싫어요.swift */; };
		F8D6E46C2A8B96390069CCF2 /* 인덱스 바꾸기.swift in Sources */ = {isa = PBXBuildFile; fileRef = F8D6E46B2A8B96390069CCF2 /* 인덱스 바꾸기.swift */; };
		F8D6E46E2A8B98D70069CCF2 /* 한 번만 등장한 문자.swift in Sources */ = {isa = PBXBuildFile; fileRef = F8D6E46D2A8B98D70069CCF2 /* 한 번만 등장한 문자.swift */; };
		F8D6E4702A8B99300069CCF2 /* 약수 구하기.swift in Sources */ = {isa = PBXBuildFile; fileRef = F8D6E46F2A8B99300069CCF2 /* 약수 구하기.swift */; };
		F8F229C12A988346008F5D86 /* 배열의 길이를 2의 거듭제곱으로 만들기.swift in Sources */ = {isa = PBXBuildFile; fileRef = F8F229C02A988346008F5D86 /* 배열의 길이를 2의 거듭제곱으로 만들기.swift */; };
		F8F229C32A9884C1008F5D86 /* 배열 비교하기.swift in Sources */ = {isa = PBXBuildFile; fileRef = F8F229C22A9884C1008F5D86 /* 배열 비교하기.swift */; };
		F8F229C52A988629008F5D86 /* 문자열 묶기.swift in Sources */ = {isa = PBXBuildFile; fileRef = F8F229C42A988629008F5D86 /* 문자열 묶기.swift */; };
		F8F229C72A988719008F5D86 /* 배열의 길이에 따라 다른 연산하기.swift in Sources */ = {isa = PBXBuildFile; fileRef = F8F229C62A988719008F5D86 /* 배열의 길이에 따라 다른 연산하기.swift */; };
		F8F229C92A9887B6008F5D86 /* 뒤에서 5등까지.swift in Sources */ = {isa = PBXBuildFile; fileRef = F8F229C82A9887B6008F5D86 /* 뒤에서 5등까지.swift */; };
		F8F229CC2A988BE3008F5D86 /* 직사각형 넓이 구하기.swift in Sources */ = {isa = PBXBuildFile; fileRef = F8F229CB2A988BE3008F5D86 /* 직사각형 넓이 구하기.swift */; };
		F8F229CE2A988E31008F5D86 /* 캐릭터의 좌표.swift in Sources */ = {isa = PBXBuildFile; fileRef = F8F229CD2A988E31008F5D86 /* 캐릭터의 좌표.swift */; };
		F8F229D02A988FDC008F5D86 /* 최댓값 만들기(2).swift in Sources */ = {isa = PBXBuildFile; fileRef = F8F229CF2A988FDC008F5D86 /* 최댓값 만들기(2).swift */; };
		F8F229D22A9897DC008F5D86 /* 다항식 더하기.swift in Sources */ = {isa = PBXBuildFile; fileRef = F8F229D12A9897DC008F5D86 /* 다항식 더하기.swift */; };
		F8F3BB592A83BB0B0076D219 /* 점의 위치 구하기.swift in Sources */ = {isa = PBXBuildFile; fileRef = F8F3BB582A83BB0B0076D219 /* 점의 위치 구하기.swift */; };
		F8F3BB5B2A83BB120076D219 /* 2차원으로 만들기.swift in Sources */ = {isa = PBXBuildFile; fileRef = F8F3BB5A2A83BB120076D219 /* 2차원으로 만들기.swift */; };
		F8F3BB5D2A83BB190076D219 /* 공 던지기.swift in Sources */ = {isa = PBXBuildFile; fileRef = F8F3BB5C2A83BB190076D219 /* 공 던지기.swift */; };
		F8F3BB5F2A83BB200076D219 /* 배열 회전시키기.swift in Sources */ = {isa = PBXBuildFile; fileRef = F8F3BB5E2A83BB200076D219 /* 배열 회전시키기.swift */; };
		F8F3BB622A83BBE80076D219 /* 문자 개수 세기.swift in Sources */ = {isa = PBXBuildFile; fileRef = F8F3BB612A83BBE80076D219 /* 문자 개수 세기.swift */; };
		F8F3BB642A83BBF10076D219 /* 배열 만들기 1.swift in Sources */ = {isa = PBXBuildFile; fileRef = F8F3BB632A83BBF10076D219 /* 배열 만들기 1.swift */; };
		F8F3BB662A83BBF80076D219 /* 글자 지우기.swift in Sources */ = {isa = PBXBuildFile; fileRef = F8F3BB652A83BBF80076D219 /* 글자 지우기.swift */; };
		F8F3BB682A83BC1A0076D219 /* 카운트 다운.swift in Sources */ = {isa = PBXBuildFile; fileRef = F8F3BB672A83BC1A0076D219 /* 카운트 다운.swift */; };
		F8F3BB6A2A83BC210076D219 /* 가까운 1 찾기.swift in Sources */ = {isa = PBXBuildFile; fileRef = F8F3BB692A83BC210076D219 /* 가까운 1 찾기.swift */; };
		F8FD3A5C2ADD5C54007D0850 /* 안전지대.swift in Sources */ = {isa = PBXBuildFile; fileRef = F8FD3A5B2ADD5C54007D0850 /* 안전지대.swift */; };
		F8FD3A5E2ADD5DFD007D0850 /* 삼각형 완성조건 (2).swift in Sources */ = {isa = PBXBuildFile; fileRef = F8FD3A5D2ADD5DFD007D0850 /* 삼각형 완성조건 (2).swift */; };
		F8FD3A602ADD6021007D0850 /* 외계어사전.swift in Sources */ = {isa = PBXBuildFile; fileRef = F8FD3A5F2ADD6021007D0850 /* 외계어사전.swift */; };
/* End PBXBuildFile section */

/* Begin PBXCopyFilesBuildPhase section */
		F87FD5A62A810ACE0032CBCD /* CopyFiles */ = {
			isa = PBXCopyFilesBuildPhase;
			buildActionMask = 2147483647;
			dstPath = /usr/share/man/man1/;
			dstSubfolderSpec = 0;
			files = (
			);
			runOnlyForDeploymentPostprocessing = 1;
		};
/* End PBXCopyFilesBuildPhase section */

/* Begin PBXFileReference section */
		F802AF9C2AEA592F0010FEF3 /* 부분 문자열.swift */ = {isa = PBXFileReference; lastKnownFileType = sourcecode.swift; path = "부분 문자열.swift"; sourceTree = "<group>"; };
		F802AF9E2AEA599D0010FEF3 /* 꼬리 문자열.swift */ = {isa = PBXFileReference; lastKnownFileType = sourcecode.swift; path = "꼬리 문자열.swift"; sourceTree = "<group>"; };
		F802AFA02AEA5A6D0010FEF3 /* 정수 찾기.swift */ = {isa = PBXFileReference; lastKnownFileType = sourcecode.swift; path = "정수 찾기.swift"; sourceTree = "<group>"; };
		F802AFA22AEA5B5E0010FEF3 /* 주사위 게임 1.swift */ = {isa = PBXFileReference; lastKnownFileType = sourcecode.swift; path = "주사위 게임 1.swift"; sourceTree = "<group>"; };
		F802AFA42AEA5D250010FEF3 /* 날짜 비교하기.swift */ = {isa = PBXFileReference; lastKnownFileType = sourcecode.swift; path = "날짜 비교하기.swift"; sourceTree = "<group>"; };
		F802AFA92AEA67870010FEF3 /* 옹알이 (1).swift */ = {isa = PBXFileReference; lastKnownFileType = sourcecode.swift; path = "옹알이 (1).swift"; sourceTree = "<group>"; };
		F802AFAC2AEA68CA0010FEF3 /* 로그인 성공?.swift */ = {isa = PBXFileReference; lastKnownFileType = sourcecode.swift; path = "로그인 성공?.swift"; sourceTree = "<group>"; };
		F80FA19D2A94BC5200EF72A0 /* 세 개의 구분자.swift */ = {isa = PBXFileReference; lastKnownFileType = sourcecode.swift; path = "세 개의 구분자.swift"; sourceTree = "<group>"; };
		F80FA19F2A94BCFD00EF72A0 /* 배열의 원소만큼 추가하기.swift */ = {isa = PBXFileReference; lastKnownFileType = sourcecode.swift; path = "배열의 원소만큼 추가하기.swift"; sourceTree = "<group>"; };
		F80FA1A12A94BE6F00EF72A0 /* 빈 배열에 추가, 삭제하기.swift */ = {isa = PBXFileReference; lastKnownFileType = sourcecode.swift; path = "빈 배열에 추가, 삭제하기.swift"; sourceTree = "<group>"; };
		F80FA1A32A94BF8600EF72A0 /* 배열 만들기 6.swift */ = {isa = PBXFileReference; lastKnownFileType = sourcecode.swift; path = "배열 만들기 6.swift"; sourceTree = "<group>"; };
		F80FA1A52A94C23500EF72A0 /* 무작위로 k개의 수 뽑기.swift */ = {isa = PBXFileReference; lastKnownFileType = sourcecode.swift; path = "무작위로 k개의 수 뽑기.swift"; sourceTree = "<group>"; };
		F80FA1A82A94C2DE00EF72A0 /* 7의 개수.swift */ = {isa = PBXFileReference; lastKnownFileType = sourcecode.swift; path = "7의 개수.swift"; sourceTree = "<group>"; };
		F80FA1AA2A94C3D200EF72A0 /* 잘라서 배열로 저장하기.swift */ = {isa = PBXFileReference; lastKnownFileType = sourcecode.swift; path = "잘라서 배열로 저장하기.swift"; sourceTree = "<group>"; };
		F80FA1AC2A94C4C200EF72A0 /* 중복된 숫자 개수.swift */ = {isa = PBXFileReference; lastKnownFileType = sourcecode.swift; path = "중복된 숫자 개수.swift"; sourceTree = "<group>"; };
		F80FA1AE2A94C50A00EF72A0 /* 머쓱이보다 키 큰사람.swift */ = {isa = PBXFileReference; lastKnownFileType = sourcecode.swift; path = "머쓱이보다 키 큰사람.swift"; sourceTree = "<group>"; };
		F81E36042A84BFD800C9FF9E /* 리스트 자르기.swift */ = {isa = PBXFileReference; lastKnownFileType = sourcecode.swift; path = "리스트 자르기.swift"; sourceTree = "<group>"; };
		F81E36062A84C73A00C9FF9E /* 첫번째로 나오는 음수.swift */ = {isa = PBXFileReference; lastKnownFileType = sourcecode.swift; path = "첫번째로 나오는 음수.swift"; sourceTree = "<group>"; };
		F81E36082A84C80A00C9FF9E /* 배열 만들기 3.swift */ = {isa = PBXFileReference; lastKnownFileType = sourcecode.swift; path = "배열 만들기 3.swift"; sourceTree = "<group>"; };
		F81E360A2A84CA9F00C9FF9E /* 2의 영역.swift */ = {isa = PBXFileReference; lastKnownFileType = sourcecode.swift; path = "2의 영역.swift"; sourceTree = "<group>"; };
		F81E360C2A84CE4C00C9FF9E /* 배열 조각하기.swift */ = {isa = PBXFileReference; lastKnownFileType = sourcecode.swift; path = "배열 조각하기.swift"; sourceTree = "<group>"; };
		F81E360F2A84CFE900C9FF9E /* 주사위의 개수.swift */ = {isa = PBXFileReference; lastKnownFileType = sourcecode.swift; path = "주사위의 개수.swift"; sourceTree = "<group>"; };
		F81E36112A84D0FA00C9FF9E /* 합성수 찾기.swift */ = {isa = PBXFileReference; lastKnownFileType = sourcecode.swift; path = "합성수 찾기.swift"; sourceTree = "<group>"; };
		F81E36132A84D19B00C9FF9E /* 최댓값 만들기 1.swift */ = {isa = PBXFileReference; lastKnownFileType = sourcecode.swift; path = "최댓값 만들기 1.swift"; sourceTree = "<group>"; };
		F81E36152A84D39B00C9FF9E /* 팩토리얼.swift */ = {isa = PBXFileReference; lastKnownFileType = sourcecode.swift; path = "팩토리얼.swift"; sourceTree = "<group>"; };
		F83062B32A86F2E70002423B /* 중복된 문자 제거.swift */ = {isa = PBXFileReference; lastKnownFileType = sourcecode.swift; path = "중복된 문자 제거.swift"; sourceTree = "<group>"; };
		F83BD7DE2A93688700C6D94B /* x 사이의 개수.swift */ = {isa = PBXFileReference; lastKnownFileType = sourcecode.swift; path = "x 사이의 개수.swift"; sourceTree = "<group>"; };
		F83BD7E02A93690600C6D94B /* 문자열 잘라서 정렬하기.swift */ = {isa = PBXFileReference; lastKnownFileType = sourcecode.swift; path = "문자열 잘라서 정렬하기.swift"; sourceTree = "<group>"; };
		F83BD7E22A936B4D00C6D94B /* 간단한식 계산하기.swift */ = {isa = PBXFileReference; lastKnownFileType = sourcecode.swift; path = "간단한식 계산하기.swift"; sourceTree = "<group>"; };
		F83BD7E42A936C3F00C6D94B /* 문자열바꿔서찾기.swift */ = {isa = PBXFileReference; lastKnownFileType = sourcecode.swift; path = "문자열바꿔서찾기.swift"; sourceTree = "<group>"; };
		F83BD7E72A936CEF00C6D94B /* rny_string.swift */ = {isa = PBXFileReference; lastKnownFileType = sourcecode.swift; path = rny_string.swift; sourceTree = "<group>"; };
		F83BD7EA2A936D3500C6D94B /* 문자열안에 문자열.swift */ = {isa = PBXFileReference; lastKnownFileType = sourcecode.swift; path = "문자열안에 문자열.swift"; sourceTree = "<group>"; };
		F83BD7ED2A936DCE00C6D94B /* 제곱수 판별하기.swift */ = {isa = PBXFileReference; lastKnownFileType = sourcecode.swift; path = "제곱수 판별하기.swift"; sourceTree = "<group>"; };
		F83BD7EF2A936EB800C6D94B /* 세균 증식.swift */ = {isa = PBXFileReference; lastKnownFileType = sourcecode.swift; path = "세균 증식.swift"; sourceTree = "<group>"; };
		F83BD7F12A936F5A00C6D94B /* 문자열 정렬하기 (2).swift */ = {isa = PBXFileReference; lastKnownFileType = sourcecode.swift; path = "문자열 정렬하기 (2).swift"; sourceTree = "<group>"; };
		F8442EB12AE178980019AC60 /* 0 떼기.swift */ = {isa = PBXFileReference; lastKnownFileType = sourcecode.swift; path = "0 떼기.swift"; sourceTree = "<group>"; };
		F846F1452AF8D13F00D80F8A /* 커피 심부름.swift */ = {isa = PBXFileReference; lastKnownFileType = sourcecode.swift; path = "커피 심부름.swift"; sourceTree = "<group>"; };
		F85E7AA42AFA78B50090F72F /* 조건에 맞게 수열 변환하기 3.swift */ = {isa = PBXFileReference; lastKnownFileType = sourcecode.swift; path = "조건에 맞게 수열 변환하기 3.swift"; sourceTree = "<group>"; };
		F85E7AA62AFA78BF0090F72F /* 그림확대.swift */ = {isa = PBXFileReference; lastKnownFileType = sourcecode.swift; path = "그림확대.swift"; sourceTree = "<group>"; };
		F8602D6C2A874C9400C87FEF /* 삼각형의 완성조건(1).swift */ = {isa = PBXFileReference; lastKnownFileType = sourcecode.swift; path = "삼각형의 완성조건(1).swift"; sourceTree = "<group>"; };
		F8602D6F2A8A408000C87FEF /* 홀수 VS 짝수.swift */ = {isa = PBXFileReference; lastKnownFileType = sourcecode.swift; path = "홀수 VS 짝수.swift"; sourceTree = "<group>"; };
		F8602D712A8A40F000C87FEF /* 5명씩.swift */ = {isa = PBXFileReference; lastKnownFileType = sourcecode.swift; path = "5명씩.swift"; sourceTree = "<group>"; };
		F8602D732A8A425400C87FEF /* 할 일 목록.swift */ = {isa = PBXFileReference; lastKnownFileType = sourcecode.swift; path = "할 일 목록.swift"; sourceTree = "<group>"; };
		F8602D752A8A42DF00C87FEF /* n보다 커질때까지 더하기.swift */ = {isa = PBXFileReference; lastKnownFileType = sourcecode.swift; path = "n보다 커질때까지 더하기.swift"; sourceTree = "<group>"; };
		F8602D772A8A437900C87FEF /* 수열과 구간 쿼리 1.swift */ = {isa = PBXFileReference; lastKnownFileType = sourcecode.swift; path = "수열과 구간 쿼리 1.swift"; sourceTree = "<group>"; };
		F8602D7A2A8A4DFC00C87FEF /* 가까운 수.swift */ = {isa = PBXFileReference; lastKnownFileType = sourcecode.swift; path = "가까운 수.swift"; sourceTree = "<group>"; };
		F8602D7C2A8A516D00C87FEF /* 369게임.swift */ = {isa = PBXFileReference; lastKnownFileType = sourcecode.swift; path = "369게임.swift"; sourceTree = "<group>"; };
		F8602D7E2A8A52F200C87FEF /* 암호 해독.swift */ = {isa = PBXFileReference; lastKnownFileType = sourcecode.swift; path = "암호 해독.swift"; sourceTree = "<group>"; };
		F8602D802A8A53D700C87FEF /* 대문자와 소문자.swift */ = {isa = PBXFileReference; lastKnownFileType = sourcecode.swift; path = "대문자와 소문자.swift"; sourceTree = "<group>"; };
		F87953ED2A8DF57E00CC7C95 /* 특정 문자열로 끝나는 가장 긴 부분 문자열 찾기.swift */ = {isa = PBXFileReference; lastKnownFileType = sourcecode.swift; path = "특정 문자열로 끝나는 가장 긴 부분 문자열 찾기.swift"; sourceTree = "<group>"; };
		F87953EF2A8DF71100CC7C95 /* 문자열이 몇 번 등장하는지 세기.swift */ = {isa = PBXFileReference; lastKnownFileType = sourcecode.swift; path = "문자열이 몇 번 등장하는지 세기.swift"; sourceTree = "<group>"; };
		F87953F12A8DFA7E00CC7C95 /* ad 제거하기.swift */ = {isa = PBXFileReference; lastKnownFileType = sourcecode.swift; path = "ad 제거하기.swift"; sourceTree = "<group>"; };
		F87953F32A8DFB0000CC7C95 /* 공백으로 구분하기 1.swift */ = {isa = PBXFileReference; lastKnownFileType = sourcecode.swift; path = "공백으로 구분하기 1.swift"; sourceTree = "<group>"; };
		F87953F62A8DFD2300CC7C95 /* 숫자 찾기.swift */ = {isa = PBXFileReference; lastKnownFileType = sourcecode.swift; path = "숫자 찾기.swift"; sourceTree = "<group>"; };
		F87953F82A8E012600CC7C95 /* n의 배수 고르기.swift */ = {isa = PBXFileReference; lastKnownFileType = sourcecode.swift; path = "n의 배수 고르기.swift"; sourceTree = "<group>"; };
		F87953FA2A8E01CF00CC7C95 /* 자릿수 더하기.swift */ = {isa = PBXFileReference; lastKnownFileType = sourcecode.swift; path = "자릿수 더하기.swift"; sourceTree = "<group>"; };
		F87953FC2A8E035300CC7C95 /* OX퀴즈.swift */ = {isa = PBXFileReference; lastKnownFileType = sourcecode.swift; path = "OX퀴즈.swift"; sourceTree = "<group>"; };
		F87C7F652A823ED10021878B /* 문자열의 앞의 n글자.swift */ = {isa = PBXFileReference; lastKnownFileType = sourcecode.swift; path = "문자열의 앞의 n글자.swift"; sourceTree = "<group>"; };
		F87C7F672A823F900021878B /* 접두사인지 확인하기.swift */ = {isa = PBXFileReference; lastKnownFileType = sourcecode.swift; path = "접두사인지 확인하기.swift"; sourceTree = "<group>"; };
		F87C7F692A8240B00021878B /* 문자열뒤집기.swift */ = {isa = PBXFileReference; lastKnownFileType = sourcecode.swift; path = "문자열뒤집기.swift"; sourceTree = "<group>"; };
		F87C7F6B2A8246F00021878B /* 세로 읽기.swift */ = {isa = PBXFileReference; lastKnownFileType = sourcecode.swift; path = "세로 읽기.swift"; sourceTree = "<group>"; };
		F87C7F6D2A824A710021878B /* qrcode.swift */ = {isa = PBXFileReference; lastKnownFileType = sourcecode.swift; path = qrcode.swift; sourceTree = "<group>"; };
		F87C7F702A824AE70021878B /* 개미 군단.swift */ = {isa = PBXFileReference; lastKnownFileType = sourcecode.swift; path = "개미 군단.swift"; sourceTree = "<group>"; };
		F87C7F722A8251DA0021878B /* 모스부호(1).swift */ = {isa = PBXFileReference; lastKnownFileType = sourcecode.swift; path = "모스부호(1).swift"; sourceTree = "<group>"; };
		F87C7F742A8253600021878B /* 가위 바위 보.swift */ = {isa = PBXFileReference; lastKnownFileType = sourcecode.swift; path = "가위 바위 보.swift"; sourceTree = "<group>"; };
		F87C7F762A8254650021878B /* 구슬을 나누는 경우의 수.swift */ = {isa = PBXFileReference; lastKnownFileType = sourcecode.swift; path = "구슬을 나누는 경우의 수.swift"; sourceTree = "<group>"; };
		F87FD5A82A810ACF0032CBCD /* algorithm_Swift */ = {isa = PBXFileReference; explicitFileType = "compiled.mach-o.executable"; includeInIndex = 0; path = algorithm_Swift; sourceTree = BUILT_PRODUCTS_DIR; };
		F87FD5AB2A810ACF0032CBCD /* main.swift */ = {isa = PBXFileReference; lastKnownFileType = sourcecode.swift; path = main.swift; sourceTree = "<group>"; };
		F87FD5BB2A810DD50032CBCD /* 배열 만들기 5.swift */ = {isa = PBXFileReference; lastKnownFileType = sourcecode.swift; path = "배열 만들기 5.swift"; sourceTree = "<group>"; };
		F87FD5BD2A810DEA0032CBCD /* 부분 문자열 이어 붙여 문자열 만들기.swift */ = {isa = PBXFileReference; lastKnownFileType = sourcecode.swift; path = "부분 문자열 이어 붙여 문자열 만들기.swift"; sourceTree = "<group>"; };
		F87FD5BF2A810DFE0032CBCD /* 문자열 뒤의 n글자.swift */ = {isa = PBXFileReference; lastKnownFileType = sourcecode.swift; path = "문자열 뒤의 n글자.swift"; sourceTree = "<group>"; };
		F87FD5C12A810E0D0032CBCD /* 접미사 배열.swift */ = {isa = PBXFileReference; lastKnownFileType = sourcecode.swift; path = "접미사 배열.swift"; sourceTree = "<group>"; };
		F87FD5C32A810E230032CBCD /* 접미사인지 확인하기.swift */ = {isa = PBXFileReference; lastKnownFileType = sourcecode.swift; path = "접미사인지 확인하기.swift"; sourceTree = "<group>"; };
		F87FD5C62A810E4E0032CBCD /* 배열자르기.swift */ = {isa = PBXFileReference; lastKnownFileType = sourcecode.swift; path = "배열자르기.swift"; sourceTree = "<group>"; };
		F87FD5C82A810E740032CBCD /* 외계행성의 나이.swift */ = {isa = PBXFileReference; lastKnownFileType = sourcecode.swift; path = "외계행성의 나이.swift"; sourceTree = "<group>"; };
		F87FD5CA2A810E790032CBCD /* 진료 순서정하기.swift */ = {isa = PBXFileReference; lastKnownFileType = sourcecode.swift; path = "진료 순서정하기.swift"; sourceTree = "<group>"; };
		F87FD5CC2A810E830032CBCD /* 순서쌍의 개수.swift */ = {isa = PBXFileReference; lastKnownFileType = sourcecode.swift; path = "순서쌍의 개수.swift"; sourceTree = "<group>"; };
		F885E7D92AFA847300422226 /* I로 만들기.swift */ = {isa = PBXFileReference; lastKnownFileType = sourcecode.swift; path = "I로 만들기.swift"; sourceTree = "<group>"; };
		F885E7DB2AFA849400422226 /* 특별한 이차원 배열 1.swift */ = {isa = PBXFileReference; lastKnownFileType = sourcecode.swift; path = "특별한 이차원 배열 1.swift"; sourceTree = "<group>"; };
		F885E7E02AFA8AC500422226 /* 이진수 더하기.swift */ = {isa = PBXFileReference; lastKnownFileType = sourcecode.swift; path = "이진수 더하기.swift"; sourceTree = "<group>"; };
		F885E7E22AFA8AEA00422226 /* 치킨 쿠폰.swift */ = {isa = PBXFileReference; lastKnownFileType = sourcecode.swift; path = "치킨 쿠폰.swift"; sourceTree = "<group>"; };
		F885E7E42AFA8AFB00422226 /* A로 B 만들기.swift */ = {isa = PBXFileReference; lastKnownFileType = sourcecode.swift; path = "A로 B 만들기.swift"; sourceTree = "<group>"; };
		F885E7E62AFA8B8D00422226 /* k의 개수.swift */ = {isa = PBXFileReference; lastKnownFileType = sourcecode.swift; path = "k의 개수.swift"; sourceTree = "<group>"; };
		F896020D2AD928BF000E81EC /* 뒤에서 5등 위로.swift */ = {isa = PBXFileReference; lastKnownFileType = sourcecode.swift; path = "뒤에서 5등 위로.swift"; sourceTree = "<group>"; };
		F896020F2AD928CF000E81EC /* 전국 대회 선발 고사.swift */ = {isa = PBXFileReference; lastKnownFileType = sourcecode.swift; path = "전국 대회 선발 고사.swift"; sourceTree = "<group>"; };
		F89602112AD92FFE000E81EC /* 정수 부분.swift */ = {isa = PBXFileReference; lastKnownFileType = sourcecode.swift; path = "정수 부분.swift"; sourceTree = "<group>"; };
		F89602132AD93145000E81EC /* 문자열 정수의 합.swift */ = {isa = PBXFileReference; lastKnownFileType = sourcecode.swift; path = "문자열 정수의 합.swift"; sourceTree = "<group>"; };
		F89602152AD93171000E81EC /* 문자열을 정수로 변환하기.swift */ = {isa = PBXFileReference; lastKnownFileType = sourcecode.swift; path = "문자열을 정수로 변환하기.swift"; sourceTree = "<group>"; };
		F89602182AD9392F000E81EC /* 숨어있는 숫자의 덧셈(2).swift */ = {isa = PBXFileReference; lastKnownFileType = sourcecode.swift; path = "숨어있는 숫자의 덧셈(2).swift"; sourceTree = "<group>"; };
		F8B290F92A8CBA2B003D48AD /* 대문자로 바꾸기.swift */ = {isa = PBXFileReference; lastKnownFileType = sourcecode.swift; path = "대문자로 바꾸기.swift"; sourceTree = "<group>"; };
		F8B290FB2A8CBAA6003D48AD /* 소문자로 바꾸기.swift */ = {isa = PBXFileReference; lastKnownFileType = sourcecode.swift; path = "소문자로 바꾸기.swift"; sourceTree = "<group>"; };
		F8B290FD2A8CBB6D003D48AD /* 배열에서 문자열 대소문자 변환하기.swift */ = {isa = PBXFileReference; lastKnownFileType = sourcecode.swift; path = "배열에서 문자열 대소문자 변환하기.swift"; sourceTree = "<group>"; };
		F8B290FF2A8CBC26003D48AD /* A 강조하기.swift */ = {isa = PBXFileReference; lastKnownFileType = sourcecode.swift; path = "A 강조하기.swift"; sourceTree = "<group>"; };
		F8B291012A8CBCF4003D48AD /* 특정한 문자를 대문자로 바꾸기.swift */ = {isa = PBXFileReference; lastKnownFileType = sourcecode.swift; path = "특정한 문자를 대문자로 바꾸기.swift"; sourceTree = "<group>"; };
		F8B291042A8CBD24003D48AD /* 편지.swift */ = {isa = PBXFileReference; lastKnownFileType = sourcecode.swift; path = "편지.swift"; sourceTree = "<group>"; };
		F8B291062A8CBD72003D48AD /* 가장 큰수 찾기.swift */ = {isa = PBXFileReference; lastKnownFileType = sourcecode.swift; path = "가장 큰수 찾기.swift"; sourceTree = "<group>"; };
		F8B291082A8CBFED003D48AD /* 문자열 계산하기.swift */ = {isa = PBXFileReference; lastKnownFileType = sourcecode.swift; path = "문자열 계산하기.swift"; sourceTree = "<group>"; };
		F8B2910A2A8CC07F003D48AD /* 배열의 유사도.swift */ = {isa = PBXFileReference; lastKnownFileType = sourcecode.swift; path = "배열의 유사도.swift"; sourceTree = "<group>"; };
		F8D1F2852AE28CA4008F57E8 /* 두 수의 합.swift */ = {isa = PBXFileReference; lastKnownFileType = sourcecode.swift; path = "두 수의 합.swift"; sourceTree = "<group>"; };
		F8D1F2882AE28D80008F57E8 /* 배열의 원소 삭제하기.swift */ = {isa = PBXFileReference; lastKnownFileType = sourcecode.swift; path = "배열의 원소 삭제하기.swift"; sourceTree = "<group>"; };
		F8D1F28A2AE28E30008F57E8 /* 부분 문자열인지 확인하기.swift */ = {isa = PBXFileReference; lastKnownFileType = sourcecode.swift; path = "부분 문자열인지 확인하기.swift"; sourceTree = "<group>"; };
		F8D1F28D2AE291E4008F57E8 /* 저주의 숫자 3.swift */ = {isa = PBXFileReference; lastKnownFileType = sourcecode.swift; path = "저주의 숫자 3.swift"; sourceTree = "<group>"; };
		F8D1F28F2AE296F1008F57E8 /* 겹치는 선분의 길이.swift */ = {isa = PBXFileReference; lastKnownFileType = sourcecode.swift; path = "겹치는 선분의 길이.swift"; sourceTree = "<group>"; };
		F8D578832A864D2700D1083B /* n 번째 원소부터.swift */ = {isa = PBXFileReference; lastKnownFileType = sourcecode.swift; path = "n 번째 원소부터.swift"; sourceTree = "<group>"; };
		F8D578852A8657D300D1083B /* 순서 바꾸기.swift */ = {isa = PBXFileReference; lastKnownFileType = sourcecode.swift; path = "순서 바꾸기.swift"; sourceTree = "<group>"; };
		F8D578872A8657DF00D1083B /* 왼쪽 오른쪽.swift */ = {isa = PBXFileReference; lastKnownFileType = sourcecode.swift; path = "왼쪽 오른쪽.swift"; sourceTree = "<group>"; };
		F8D578892A86582400D1083B /* n 번쨰 원소까지.swift */ = {isa = PBXFileReference; lastKnownFileType = sourcecode.swift; path = "n 번쨰 원소까지.swift"; sourceTree = "<group>"; };
		F8D5788B2A86592000D1083B /* n개 간격의 원소들.swift */ = {isa = PBXFileReference; lastKnownFileType = sourcecode.swift; path = "n개 간격의 원소들.swift"; sourceTree = "<group>"; };
		F8D5788E2A865C7900D1083B /* 모음 제거.swift */ = {isa = PBXFileReference; lastKnownFileType = sourcecode.swift; path = "모음 제거.swift"; sourceTree = "<group>"; };
		F8D578902A865F8200D1083B /* 문자열 정렬하기(1).swift */ = {isa = PBXFileReference; lastKnownFileType = sourcecode.swift; path = "문자열 정렬하기(1).swift"; sourceTree = "<group>"; };
		F8D578922A86603B00D1083B /* 숨어있는 숫자의 덧셈 (1).swift */ = {isa = PBXFileReference; lastKnownFileType = sourcecode.swift; path = "숨어있는 숫자의 덧셈 (1).swift"; sourceTree = "<group>"; };
		F8D578942A86626C00D1083B /* 소인수분해.swift */ = {isa = PBXFileReference; lastKnownFileType = sourcecode.swift; path = "소인수분해.swift"; sourceTree = "<group>"; };
		F8D578972A8664FC00D1083B /* 컨트롤 제트.swift */ = {isa = PBXFileReference; lastKnownFileType = sourcecode.swift; path = "컨트롤 제트.swift"; sourceTree = "<group>"; };
		F8D578992A8665B700D1083B /* 배열 원소의 길이.swift */ = {isa = PBXFileReference; lastKnownFileType = sourcecode.swift; path = "배열 원소의 길이.swift"; sourceTree = "<group>"; };
		F8D6E45E2A8B8AB50069CCF2 /* 조건에 맞게 수열 변환하기1.swift */ = {isa = PBXFileReference; lastKnownFileType = sourcecode.swift; path = "조건에 맞게 수열 변환하기1.swift"; sourceTree = "<group>"; };
		F8D6E4602A8B8DB60069CCF2 /* 조건에 맞게 수열 변환하기 2.swift */ = {isa = PBXFileReference; lastKnownFileType = sourcecode.swift; path = "조건에 맞게 수열 변환하기 2.swift"; sourceTree = "<group>"; };
		F8D6E4622A8B8E510069CCF2 /* 1로 만들기.swift */ = {isa = PBXFileReference; lastKnownFileType = sourcecode.swift; path = "1로 만들기.swift"; sourceTree = "<group>"; };
		F8D6E4642A8B900B0069CCF2 /* 길이에 따른 연산.swift */ = {isa = PBXFileReference; lastKnownFileType = sourcecode.swift; path = "길이에 따른 연산.swift"; sourceTree = "<group>"; };
		F8D6E4662A8B920B0069CCF2 /* 원하는 문자열 찾기.swift */ = {isa = PBXFileReference; lastKnownFileType = sourcecode.swift; path = "원하는 문자열 찾기.swift"; sourceTree = "<group>"; };
		F8D6E4692A8B95370069CCF2 /* 영어가 싫어요.swift */ = {isa = PBXFileReference; lastKnownFileType = sourcecode.swift; path = "영어가 싫어요.swift"; sourceTree = "<group>"; };
		F8D6E46B2A8B96390069CCF2 /* 인덱스 바꾸기.swift */ = {isa = PBXFileReference; lastKnownFileType = sourcecode.swift; path = "인덱스 바꾸기.swift"; sourceTree = "<group>"; };
		F8D6E46D2A8B98D70069CCF2 /* 한 번만 등장한 문자.swift */ = {isa = PBXFileReference; lastKnownFileType = sourcecode.swift; path = "한 번만 등장한 문자.swift"; sourceTree = "<group>"; };
		F8D6E46F2A8B99300069CCF2 /* 약수 구하기.swift */ = {isa = PBXFileReference; lastKnownFileType = sourcecode.swift; path = "약수 구하기.swift"; sourceTree = "<group>"; };
		F8F229C02A988346008F5D86 /* 배열의 길이를 2의 거듭제곱으로 만들기.swift */ = {isa = PBXFileReference; lastKnownFileType = sourcecode.swift; path = "배열의 길이를 2의 거듭제곱으로 만들기.swift"; sourceTree = "<group>"; };
		F8F229C22A9884C1008F5D86 /* 배열 비교하기.swift */ = {isa = PBXFileReference; lastKnownFileType = sourcecode.swift; path = "배열 비교하기.swift"; sourceTree = "<group>"; };
		F8F229C42A988629008F5D86 /* 문자열 묶기.swift */ = {isa = PBXFileReference; lastKnownFileType = sourcecode.swift; path = "문자열 묶기.swift"; sourceTree = "<group>"; };
		F8F229C62A988719008F5D86 /* 배열의 길이에 따라 다른 연산하기.swift */ = {isa = PBXFileReference; lastKnownFileType = sourcecode.swift; path = "배열의 길이에 따라 다른 연산하기.swift"; sourceTree = "<group>"; };
		F8F229C82A9887B6008F5D86 /* 뒤에서 5등까지.swift */ = {isa = PBXFileReference; lastKnownFileType = sourcecode.swift; path = "뒤에서 5등까지.swift"; sourceTree = "<group>"; };
		F8F229CB2A988BE3008F5D86 /* 직사각형 넓이 구하기.swift */ = {isa = PBXFileReference; lastKnownFileType = sourcecode.swift; path = "직사각형 넓이 구하기.swift"; sourceTree = "<group>"; };
		F8F229CD2A988E31008F5D86 /* 캐릭터의 좌표.swift */ = {isa = PBXFileReference; lastKnownFileType = sourcecode.swift; path = "캐릭터의 좌표.swift"; sourceTree = "<group>"; };
		F8F229CF2A988FDC008F5D86 /* 최댓값 만들기(2).swift */ = {isa = PBXFileReference; lastKnownFileType = sourcecode.swift; path = "최댓값 만들기(2).swift"; sourceTree = "<group>"; };
		F8F229D12A9897DC008F5D86 /* 다항식 더하기.swift */ = {isa = PBXFileReference; lastKnownFileType = sourcecode.swift; path = "다항식 더하기.swift"; sourceTree = "<group>"; };
		F8F3BB582A83BB0B0076D219 /* 점의 위치 구하기.swift */ = {isa = PBXFileReference; lastKnownFileType = sourcecode.swift; path = "점의 위치 구하기.swift"; sourceTree = "<group>"; };
		F8F3BB5A2A83BB120076D219 /* 2차원으로 만들기.swift */ = {isa = PBXFileReference; lastKnownFileType = sourcecode.swift; path = "2차원으로 만들기.swift"; sourceTree = "<group>"; };
		F8F3BB5C2A83BB190076D219 /* 공 던지기.swift */ = {isa = PBXFileReference; lastKnownFileType = sourcecode.swift; path = "공 던지기.swift"; sourceTree = "<group>"; };
		F8F3BB5E2A83BB200076D219 /* 배열 회전시키기.swift */ = {isa = PBXFileReference; lastKnownFileType = sourcecode.swift; path = "배열 회전시키기.swift"; sourceTree = "<group>"; };
		F8F3BB612A83BBE80076D219 /* 문자 개수 세기.swift */ = {isa = PBXFileReference; lastKnownFileType = sourcecode.swift; path = "문자 개수 세기.swift"; sourceTree = "<group>"; };
		F8F3BB632A83BBF10076D219 /* 배열 만들기 1.swift */ = {isa = PBXFileReference; lastKnownFileType = sourcecode.swift; path = "배열 만들기 1.swift"; sourceTree = "<group>"; };
		F8F3BB652A83BBF80076D219 /* 글자 지우기.swift */ = {isa = PBXFileReference; lastKnownFileType = sourcecode.swift; path = "글자 지우기.swift"; sourceTree = "<group>"; };
		F8F3BB672A83BC1A0076D219 /* 카운트 다운.swift */ = {isa = PBXFileReference; lastKnownFileType = sourcecode.swift; path = "카운트 다운.swift"; sourceTree = "<group>"; };
		F8F3BB692A83BC210076D219 /* 가까운 1 찾기.swift */ = {isa = PBXFileReference; lastKnownFileType = sourcecode.swift; path = "가까운 1 찾기.swift"; sourceTree = "<group>"; };
		F8FD3A5B2ADD5C54007D0850 /* 안전지대.swift */ = {isa = PBXFileReference; lastKnownFileType = sourcecode.swift; path = "안전지대.swift"; sourceTree = "<group>"; };
		F8FD3A5D2ADD5DFD007D0850 /* 삼각형 완성조건 (2).swift */ = {isa = PBXFileReference; lastKnownFileType = sourcecode.swift; path = "삼각형 완성조건 (2).swift"; sourceTree = "<group>"; };
		F8FD3A5F2ADD6021007D0850 /* 외계어사전.swift */ = {isa = PBXFileReference; lastKnownFileType = sourcecode.swift; path = "외계어사전.swift"; sourceTree = "<group>"; };
/* End PBXFileReference section */

/* Begin PBXFrameworksBuildPhase section */
		F87FD5A52A810ACE0032CBCD /* Frameworks */ = {
			isa = PBXFrameworksBuildPhase;
			buildActionMask = 2147483647;
			files = (
			);
			runOnlyForDeploymentPostprocessing = 0;
		};
/* End PBXFrameworksBuildPhase section */

/* Begin PBXGroup section */
		F802AF9B2AEA58960010FEF3 /* Day23 */ = {
			isa = PBXGroup;
			children = (
				F802AF9C2AEA592F0010FEF3 /* 부분 문자열.swift */,
				F802AF9E2AEA599D0010FEF3 /* 꼬리 문자열.swift */,
				F802AFA02AEA5A6D0010FEF3 /* 정수 찾기.swift */,
				F802AFA22AEA5B5E0010FEF3 /* 주사위 게임 1.swift */,
				F802AFA42AEA5D250010FEF3 /* 날짜 비교하기.swift */,
			);
			path = Day23;
			sourceTree = "<group>";
		};
		F802AFA62AEA63890010FEF3 /* Day23 */ = {
			isa = PBXGroup;
			children = (
				F802AFA92AEA67870010FEF3 /* 옹알이 (1).swift */,
				F802AFAC2AEA68CA0010FEF3 /* 로그인 성공?.swift */,
			);
			path = Day23;
			sourceTree = "<group>";
		};
		F80FA19C2A94B9DB00EF72A0 /* Day19 */ = {
			isa = PBXGroup;
			children = (
				F80FA19D2A94BC5200EF72A0 /* 세 개의 구분자.swift */,
				F80FA19F2A94BCFD00EF72A0 /* 배열의 원소만큼 추가하기.swift */,
				F80FA1A12A94BE6F00EF72A0 /* 빈 배열에 추가, 삭제하기.swift */,
				F80FA1A32A94BF8600EF72A0 /* 배열 만들기 6.swift */,
				F80FA1A52A94C23500EF72A0 /* 무작위로 k개의 수 뽑기.swift */,
			);
			path = Day19;
			sourceTree = "<group>";
		};
		F80FA1A72A94C26D00EF72A0 /* Day19 */ = {
			isa = PBXGroup;
			children = (
				F80FA1A82A94C2DE00EF72A0 /* 7의 개수.swift */,
				F80FA1AA2A94C3D200EF72A0 /* 잘라서 배열로 저장하기.swift */,
				F80FA1AC2A94C4C200EF72A0 /* 중복된 숫자 개수.swift */,
				F80FA1AE2A94C50A00EF72A0 /* 머쓱이보다 키 큰사람.swift */,
			);
			path = Day19;
			sourceTree = "<group>";
		};
		F81E36032A84BFCB00C9FF9E /* Day12 */ = {
			isa = PBXGroup;
			children = (
				F81E36042A84BFD800C9FF9E /* 리스트 자르기.swift */,
				F81E36062A84C73A00C9FF9E /* 첫번째로 나오는 음수.swift */,
				F81E36082A84C80A00C9FF9E /* 배열 만들기 3.swift */,
				F81E360A2A84CA9F00C9FF9E /* 2의 영역.swift */,
				F81E360C2A84CE4C00C9FF9E /* 배열 조각하기.swift */,
			);
			path = Day12;
			sourceTree = "<group>";
		};
		F81E360E2A84CE8900C9FF9E /* Day11 */ = {
			isa = PBXGroup;
			children = (
				F81E360F2A84CFE900C9FF9E /* 주사위의 개수.swift */,
				F81E36112A84D0FA00C9FF9E /* 합성수 찾기.swift */,
				F81E36132A84D19B00C9FF9E /* 최댓값 만들기 1.swift */,
				F81E36152A84D39B00C9FF9E /* 팩토리얼.swift */,
			);
			path = Day11;
			sourceTree = "<group>";
		};
		F83BD7DD2A93676B00C6D94B /* Day18 */ = {
			isa = PBXGroup;
			children = (
				F83BD7DE2A93688700C6D94B /* x 사이의 개수.swift */,
				F83BD7E02A93690600C6D94B /* 문자열 잘라서 정렬하기.swift */,
				F83BD7E22A936B4D00C6D94B /* 간단한식 계산하기.swift */,
				F83BD7E42A936C3F00C6D94B /* 문자열바꿔서찾기.swift */,
				F83BD7E72A936CEF00C6D94B /* rny_string.swift */,
			);
			path = Day18;
			sourceTree = "<group>";
		};
		F83BD7E92A936D0B00C6D94B /* Day18 */ = {
			isa = PBXGroup;
			children = (
				F83BD7EA2A936D3500C6D94B /* 문자열안에 문자열.swift */,
				F83BD7ED2A936DCE00C6D94B /* 제곱수 판별하기.swift */,
				F83BD7EF2A936EB800C6D94B /* 세균 증식.swift */,
				F83BD7F12A936F5A00C6D94B /* 문자열 정렬하기 (2).swift */,
			);
			path = Day18;
			sourceTree = "<group>";
		};
		F8442EB02AE178770019AC60 /* Day22 */ = {
			isa = PBXGroup;
			children = (
				F8442EB12AE178980019AC60 /* 0 떼기.swift */,
				F8D1F2852AE28CA4008F57E8 /* 두 수의 합.swift */,
				F8D1F2882AE28D80008F57E8 /* 배열의 원소 삭제하기.swift */,
				F8D1F28A2AE28E30008F57E8 /* 부분 문자열인지 확인하기.swift */,
			);
			path = Day22;
			sourceTree = "<group>";
		};
		F846F1442AF8D12300D80F8A /* Day24 */ = {
			isa = PBXGroup;
			children = (
				F846F1452AF8D13F00D80F8A /* 커피 심부름.swift */,
				F85E7AA42AFA78B50090F72F /* 조건에 맞게 수열 변환하기 3.swift */,
				F85E7AA62AFA78BF0090F72F /* 그림확대.swift */,
				F885E7D92AFA847300422226 /* I로 만들기.swift */,
				F885E7DB2AFA849400422226 /* 특별한 이차원 배열 1.swift */,
			);
			path = Day24;
			sourceTree = "<group>";
		};
		F8602D6E2A8A3FFE00C87FEF /* Day14 */ = {
			isa = PBXGroup;
			children = (
				F8602D6F2A8A408000C87FEF /* 홀수 VS 짝수.swift */,
				F8602D712A8A40F000C87FEF /* 5명씩.swift */,
				F8602D732A8A425400C87FEF /* 할 일 목록.swift */,
				F8602D752A8A42DF00C87FEF /* n보다 커질때까지 더하기.swift */,
				F8602D772A8A437900C87FEF /* 수열과 구간 쿼리 1.swift */,
			);
			path = Day14;
			sourceTree = "<group>";
		};
		F8602D792A8A439700C87FEF /* Day14 */ = {
			isa = PBXGroup;
			children = (
				F8602D7A2A8A4DFC00C87FEF /* 가까운 수.swift */,
				F8602D7C2A8A516D00C87FEF /* 369게임.swift */,
				F8602D7E2A8A52F200C87FEF /* 암호 해독.swift */,
				F8602D802A8A53D700C87FEF /* 대문자와 소문자.swift */,
			);
			path = Day14;
			sourceTree = "<group>";
		};
		F87953EC2A8DF54500CC7C95 /* Day17 */ = {
			isa = PBXGroup;
			children = (
				F87953ED2A8DF57E00CC7C95 /* 특정 문자열로 끝나는 가장 긴 부분 문자열 찾기.swift */,
				F87953EF2A8DF71100CC7C95 /* 문자열이 몇 번 등장하는지 세기.swift */,
				F87953F12A8DFA7E00CC7C95 /* ad 제거하기.swift */,
				F87953F32A8DFB0000CC7C95 /* 공백으로 구분하기 1.swift */,
			);
			path = Day17;
			sourceTree = "<group>";
		};
		F87953F52A8DFCF600CC7C95 /* Day17 */ = {
			isa = PBXGroup;
			children = (
				F87953F62A8DFD2300CC7C95 /* 숫자 찾기.swift */,
				F87953F82A8E012600CC7C95 /* n의 배수 고르기.swift */,
				F87953FA2A8E01CF00CC7C95 /* 자릿수 더하기.swift */,
				F87953FC2A8E035300CC7C95 /* OX퀴즈.swift */,
			);
			path = Day17;
			sourceTree = "<group>";
		};
		F87C7F642A823EBA0021878B /* Day10_문자열 */ = {
			isa = PBXGroup;
			children = (
				F87C7F652A823ED10021878B /* 문자열의 앞의 n글자.swift */,
				F87C7F672A823F900021878B /* 접두사인지 확인하기.swift */,
				F87C7F692A8240B00021878B /* 문자열뒤집기.swift */,
				F87C7F6B2A8246F00021878B /* 세로 읽기.swift */,
				F87C7F6D2A824A710021878B /* qrcode.swift */,
			);
			name = "Day10_문자열";
			path = "Day10_문자열";
			sourceTree = "<group>";
		};
		F87C7F6F2A824ACF0021878B /* Day9 */ = {
			isa = PBXGroup;
			children = (
				F87C7F702A824AE70021878B /* 개미 군단.swift */,
				F87C7F722A8251DA0021878B /* 모스부호(1).swift */,
				F87C7F742A8253600021878B /* 가위 바위 보.swift */,
				F87C7F762A8254650021878B /* 구슬을 나누는 경우의 수.swift */,
			);
			path = Day9;
			sourceTree = "<group>";
		};
		F87FD59F2A810ACE0032CBCD = {
			isa = PBXGroup;
			children = (
				F87FD5AA2A810ACF0032CBCD /* algorithm_Swift */,
				F87FD5A92A810ACF0032CBCD /* Products */,
			);
			sourceTree = "<group>";
		};
		F87FD5A92A810ACF0032CBCD /* Products */ = {
			isa = PBXGroup;
			children = (
				F87FD5A82A810ACF0032CBCD /* algorithm_Swift */,
			);
			name = Products;
			sourceTree = "<group>";
		};
		F87FD5AA2A810ACF0032CBCD /* algorithm_Swift */ = {
			isa = PBXGroup;
			children = (
				F87FD5AB2A810ACF0032CBCD /* main.swift */,
				F87FD5B22A810ADE0032CBCD /* Coding_basic_training */,
				F87FD5B32A810B160032CBCD /* Coding_introduction */,
			);
			path = algorithm_Swift;
			sourceTree = "<group>";
		};
		F87FD5B22A810ADE0032CBCD /* Coding_basic_training */ = {
			isa = PBXGroup;
			children = (
				F846F1442AF8D12300D80F8A /* Day24 */,
				F802AF9B2AEA58960010FEF3 /* Day23 */,
				F8442EB02AE178770019AC60 /* Day22 */,
				F896020C2AD928AC000E81EC /* Day21 */,
				F8F229BF2A98818A008F5D86 /* Day20 */,
				F80FA19C2A94B9DB00EF72A0 /* Day19 */,
				F83BD7DD2A93676B00C6D94B /* Day18 */,
				F87953EC2A8DF54500CC7C95 /* Day17 */,
				F8B290F82A8CBA21003D48AD /* Day16 */,
				F8D6E45D2A8B8AA80069CCF2 /* Day15 */,
				F8602D6E2A8A3FFE00C87FEF /* Day14 */,
				F8D578822A864CF900D1083B /* Day13 */,
				F81E36032A84BFCB00C9FF9E /* Day12 */,
				F8F3BB602A83BBC30076D219 /* Day11 */,
				F87C7F642A823EBA0021878B /* Day10_문자열 */,
				F87FD5BA2A810DBA0032CBCD /* Day9_문자열 */,
			);
			path = Coding_basic_training;
			sourceTree = "<group>";
		};
		F87FD5B32A810B160032CBCD /* Coding_introduction */ = {
			isa = PBXGroup;
			children = (
				F885E7DD2AFA8A8D00422226 /* Day24 */,
				F802AFA62AEA63890010FEF3 /* Day23 */,
				F8D1F28C2AE28E60008F57E8 /* Day22 */,
				F89602172AD93904000E81EC /* Day21 */,
				F8F229CA2A988817008F5D86 /* Day20 */,
				F80FA1A72A94C26D00EF72A0 /* Day19 */,
				F83BD7E92A936D0B00C6D94B /* Day18 */,
				F87953F52A8DFCF600CC7C95 /* Day17 */,
				F8B291032A8CBD1B003D48AD /* Day16 */,
				F8D6E4682A8B92320069CCF2 /* Day15 */,
				F8602D792A8A439700C87FEF /* Day14 */,
				F8D578962A8662DF00D1083B /* Day13 */,
				F8D5788D2A86594C00D1083B /* Day12 */,
				F81E360E2A84CE8900C9FF9E /* Day11 */,
				F8F3BB572A83BAFD0076D219 /* Day10 */,
				F87C7F6F2A824ACF0021878B /* Day9 */,
				F87FD5C52A810E410032CBCD /* Day8 */,
			);
			path = Coding_introduction;
			sourceTree = "<group>";
		};
		F87FD5BA2A810DBA0032CBCD /* Day9_문자열 */ = {
			isa = PBXGroup;
			children = (
				F87FD5BB2A810DD50032CBCD /* 배열 만들기 5.swift */,
				F87FD5BD2A810DEA0032CBCD /* 부분 문자열 이어 붙여 문자열 만들기.swift */,
				F87FD5BF2A810DFE0032CBCD /* 문자열 뒤의 n글자.swift */,
				F87FD5C12A810E0D0032CBCD /* 접미사 배열.swift */,
				F87FD5C32A810E230032CBCD /* 접미사인지 확인하기.swift */,
			);
			name = "Day9_문자열";
			path = "Day9_문자열";
			sourceTree = "<group>";
		};
		F87FD5C52A810E410032CBCD /* Day8 */ = {
			isa = PBXGroup;
			children = (
				F87FD5C62A810E4E0032CBCD /* 배열자르기.swift */,
				F87FD5C82A810E740032CBCD /* 외계행성의 나이.swift */,
				F87FD5CA2A810E790032CBCD /* 진료 순서정하기.swift */,
				F87FD5CC2A810E830032CBCD /* 순서쌍의 개수.swift */,
			);
			path = Day8;
			sourceTree = "<group>";
		};
		F885E7DD2AFA8A8D00422226 /* Day24 */ = {
			isa = PBXGroup;
			children = (
				F885E7E02AFA8AC500422226 /* 이진수 더하기.swift */,
				F885E7E22AFA8AEA00422226 /* 치킨 쿠폰.swift */,
				F885E7E42AFA8AFB00422226 /* A로 B 만들기.swift */,
				F885E7E62AFA8B8D00422226 /* k의 개수.swift */,
			);
			path = Day24;
			sourceTree = "<group>";
		};
		F896020C2AD928AC000E81EC /* Day21 */ = {
			isa = PBXGroup;
			children = (
				F896020D2AD928BF000E81EC /* 뒤에서 5등 위로.swift */,
				F896020F2AD928CF000E81EC /* 전국 대회 선발 고사.swift */,
				F89602112AD92FFE000E81EC /* 정수 부분.swift */,
				F89602132AD93145000E81EC /* 문자열 정수의 합.swift */,
				F89602152AD93171000E81EC /* 문자열을 정수로 변환하기.swift */,
			);
			path = Day21;
			sourceTree = "<group>";
		};
		F89602172AD93904000E81EC /* Day21 */ = {
			isa = PBXGroup;
			children = (
				F89602182AD9392F000E81EC /* 숨어있는 숫자의 덧셈(2).swift */,
				F8FD3A5B2ADD5C54007D0850 /* 안전지대.swift */,
				F8FD3A5D2ADD5DFD007D0850 /* 삼각형 완성조건 (2).swift */,
				F8FD3A5F2ADD6021007D0850 /* 외계어사전.swift */,
			);
			path = Day21;
			sourceTree = "<group>";
		};
		F8B290F82A8CBA21003D48AD /* Day16 */ = {
			isa = PBXGroup;
			children = (
				F8B290F92A8CBA2B003D48AD /* 대문자로 바꾸기.swift */,
				F8B290FB2A8CBAA6003D48AD /* 소문자로 바꾸기.swift */,
				F8B290FD2A8CBB6D003D48AD /* 배열에서 문자열 대소문자 변환하기.swift */,
				F8B290FF2A8CBC26003D48AD /* A 강조하기.swift */,
				F8B291012A8CBCF4003D48AD /* 특정한 문자를 대문자로 바꾸기.swift */,
			);
			path = Day16;
			sourceTree = "<group>";
		};
		F8B291032A8CBD1B003D48AD /* Day16 */ = {
			isa = PBXGroup;
			children = (
				F8B291042A8CBD24003D48AD /* 편지.swift */,
				F8B291062A8CBD72003D48AD /* 가장 큰수 찾기.swift */,
				F8B291082A8CBFED003D48AD /* 문자열 계산하기.swift */,
				F8B2910A2A8CC07F003D48AD /* 배열의 유사도.swift */,
			);
			path = Day16;
			sourceTree = "<group>";
		};
		F8D1F28C2AE28E60008F57E8 /* Day22 */ = {
			isa = PBXGroup;
			children = (
				F8D1F28D2AE291E4008F57E8 /* 저주의 숫자 3.swift */,
				F8D1F28F2AE296F1008F57E8 /* 겹치는 선분의 길이.swift */,
			);
			path = Day22;
			sourceTree = "<group>";
		};
		F8D578822A864CF900D1083B /* Day13 */ = {
			isa = PBXGroup;
			children = (
				F8D578832A864D2700D1083B /* n 번째 원소부터.swift */,
				F8D578852A8657D300D1083B /* 순서 바꾸기.swift */,
				F8D578872A8657DF00D1083B /* 왼쪽 오른쪽.swift */,
				F8D578892A86582400D1083B /* n 번쨰 원소까지.swift */,
				F8D5788B2A86592000D1083B /* n개 간격의 원소들.swift */,
			);
			path = Day13;
			sourceTree = "<group>";
		};
		F8D5788D2A86594C00D1083B /* Day12 */ = {
			isa = PBXGroup;
			children = (
				F8D5788E2A865C7900D1083B /* 모음 제거.swift */,
				F8D578902A865F8200D1083B /* 문자열 정렬하기(1).swift */,
				F8D578922A86603B00D1083B /* 숨어있는 숫자의 덧셈 (1).swift */,
				F8D578942A86626C00D1083B /* 소인수분해.swift */,
			);
			path = Day12;
			sourceTree = "<group>";
		};
		F8D578962A8662DF00D1083B /* Day13 */ = {
			isa = PBXGroup;
			children = (
				F8D578972A8664FC00D1083B /* 컨트롤 제트.swift */,
				F8D578992A8665B700D1083B /* 배열 원소의 길이.swift */,
				F83062B32A86F2E70002423B /* 중복된 문자 제거.swift */,
				F8602D6C2A874C9400C87FEF /* 삼각형의 완성조건(1).swift */,
			);
			path = Day13;
			sourceTree = "<group>";
		};
		F8D6E45D2A8B8AA80069CCF2 /* Day15 */ = {
			isa = PBXGroup;
			children = (
				F8D6E45E2A8B8AB50069CCF2 /* 조건에 맞게 수열 변환하기1.swift */,
				F8D6E4602A8B8DB60069CCF2 /* 조건에 맞게 수열 변환하기 2.swift */,
				F8D6E4622A8B8E510069CCF2 /* 1로 만들기.swift */,
				F8D6E4642A8B900B0069CCF2 /* 길이에 따른 연산.swift */,
				F8D6E4662A8B920B0069CCF2 /* 원하는 문자열 찾기.swift */,
			);
			path = Day15;
			sourceTree = "<group>";
		};
		F8D6E4682A8B92320069CCF2 /* Day15 */ = {
			isa = PBXGroup;
			children = (
				F8D6E4692A8B95370069CCF2 /* 영어가 싫어요.swift */,
				F8D6E46B2A8B96390069CCF2 /* 인덱스 바꾸기.swift */,
				F8D6E46D2A8B98D70069CCF2 /* 한 번만 등장한 문자.swift */,
				F8D6E46F2A8B99300069CCF2 /* 약수 구하기.swift */,
			);
			path = Day15;
			sourceTree = "<group>";
		};
		F8F229BF2A98818A008F5D86 /* Day20 */ = {
			isa = PBXGroup;
			children = (
				F8F229C02A988346008F5D86 /* 배열의 길이를 2의 거듭제곱으로 만들기.swift */,
				F8F229C22A9884C1008F5D86 /* 배열 비교하기.swift */,
				F8F229C42A988629008F5D86 /* 문자열 묶기.swift */,
				F8F229C62A988719008F5D86 /* 배열의 길이에 따라 다른 연산하기.swift */,
				F8F229C82A9887B6008F5D86 /* 뒤에서 5등까지.swift */,
			);
			path = Day20;
			sourceTree = "<group>";
		};
		F8F229CA2A988817008F5D86 /* Day20 */ = {
			isa = PBXGroup;
			children = (
				F8F229CB2A988BE3008F5D86 /* 직사각형 넓이 구하기.swift */,
				F8F229CD2A988E31008F5D86 /* 캐릭터의 좌표.swift */,
				F8F229CF2A988FDC008F5D86 /* 최댓값 만들기(2).swift */,
				F8F229D12A9897DC008F5D86 /* 다항식 더하기.swift */,
			);
			path = Day20;
			sourceTree = "<group>";
		};
		F8F3BB572A83BAFD0076D219 /* Day10 */ = {
			isa = PBXGroup;
			children = (
				F8F3BB582A83BB0B0076D219 /* 점의 위치 구하기.swift */,
				F8F3BB5A2A83BB120076D219 /* 2차원으로 만들기.swift */,
				F8F3BB5C2A83BB190076D219 /* 공 던지기.swift */,
				F8F3BB5E2A83BB200076D219 /* 배열 회전시키기.swift */,
			);
			path = Day10;
			sourceTree = "<group>";
		};
		F8F3BB602A83BBC30076D219 /* Day11 */ = {
			isa = PBXGroup;
			children = (
				F8F3BB612A83BBE80076D219 /* 문자 개수 세기.swift */,
				F8F3BB632A83BBF10076D219 /* 배열 만들기 1.swift */,
				F8F3BB652A83BBF80076D219 /* 글자 지우기.swift */,
				F8F3BB672A83BC1A0076D219 /* 카운트 다운.swift */,
				F8F3BB692A83BC210076D219 /* 가까운 1 찾기.swift */,
			);
			path = Day11;
			sourceTree = "<group>";
		};
/* End PBXGroup section */

/* Begin PBXNativeTarget section */
		F87FD5A72A810ACE0032CBCD /* algorithm_Swift */ = {
			isa = PBXNativeTarget;
			buildConfigurationList = F87FD5AF2A810ACF0032CBCD /* Build configuration list for PBXNativeTarget "algorithm_Swift" */;
			buildPhases = (
				F87FD5A42A810ACE0032CBCD /* Sources */,
				F87FD5A52A810ACE0032CBCD /* Frameworks */,
				F87FD5A62A810ACE0032CBCD /* CopyFiles */,
			);
			buildRules = (
			);
			dependencies = (
			);
			name = algorithm_Swift;
			productName = algorithm_Swift;
			productReference = F87FD5A82A810ACF0032CBCD /* algorithm_Swift */;
			productType = "com.apple.product-type.tool";
		};
/* End PBXNativeTarget section */

/* Begin PBXProject section */
		F87FD5A02A810ACE0032CBCD /* Project object */ = {
			isa = PBXProject;
			attributes = {
				BuildIndependentTargetsInParallel = 1;
				LastSwiftUpdateCheck = 1430;
				LastUpgradeCheck = 1430;
				TargetAttributes = {
					F87FD5A72A810ACE0032CBCD = {
						CreatedOnToolsVersion = 14.3;
					};
				};
			};
			buildConfigurationList = F87FD5A32A810ACE0032CBCD /* Build configuration list for PBXProject "algorithm_Swift" */;
			compatibilityVersion = "Xcode 14.0";
			developmentRegion = en;
			hasScannedForEncodings = 0;
			knownRegions = (
				en,
				Base,
			);
			mainGroup = F87FD59F2A810ACE0032CBCD;
			productRefGroup = F87FD5A92A810ACF0032CBCD /* Products */;
			projectDirPath = "";
			projectRoot = "";
			targets = (
				F87FD5A72A810ACE0032CBCD /* algorithm_Swift */,
			);
		};
/* End PBXProject section */

/* Begin PBXSourcesBuildPhase section */
		F87FD5A42A810ACE0032CBCD /* Sources */ = {
			isa = PBXSourcesBuildPhase;
			buildActionMask = 2147483647;
			files = (
				F8D5788C2A86592000D1083B /* n개 간격의 원소들.swift in Sources */,
				F87FD5BC2A810DD50032CBCD /* 배열 만들기 5.swift in Sources */,
				F8D578912A865F8200D1083B /* 문자열 정렬하기(1).swift in Sources */,
				F87C7F712A824AE70021878B /* 개미 군단.swift in Sources */,
				F8D5788A2A86582400D1083B /* n 번쨰 원소까지.swift in Sources */,
				F83BD7E12A93690600C6D94B /* 문자열 잘라서 정렬하기.swift in Sources */,
				F81E360D2A84CE4C00C9FF9E /* 배열 조각하기.swift in Sources */,
				F87FD5CD2A810E830032CBCD /* 순서쌍의 개수.swift in Sources */,
				F81E36102A84CFE900C9FF9E /* 주사위의 개수.swift in Sources */,
				F87953FD2A8E035300CC7C95 /* OX퀴즈.swift in Sources */,
				F89602102AD928CF000E81EC /* 전국 대회 선발 고사.swift in Sources */,
				F87FD5C02A810DFE0032CBCD /* 문자열 뒤의 n글자.swift in Sources */,
				F87953F92A8E012600CC7C95 /* n의 배수 고르기.swift in Sources */,
				F81E360B2A84CA9F00C9FF9E /* 2의 영역.swift in Sources */,
				F87C7F662A823ED10021878B /* 문자열의 앞의 n글자.swift in Sources */,
				F802AF9F2AEA599D0010FEF3 /* 꼬리 문자열.swift in Sources */,
				F8F229C52A988629008F5D86 /* 문자열 묶기.swift in Sources */,
				F81E36142A84D19B00C9FF9E /* 최댓값 만들기 1.swift in Sources */,
				F83BD7EB2A936D3500C6D94B /* 문자열안에 문자열.swift in Sources */,
				F885E7E32AFA8AEA00422226 /* 치킨 쿠폰.swift in Sources */,
				F8B291052A8CBD24003D48AD /* 편지.swift in Sources */,
				F87FD5AC2A810ACF0032CBCD /* main.swift in Sources */,
				F8B291022A8CBCF4003D48AD /* 특정한 문자를 대문자로 바꾸기.swift in Sources */,
				F81E36092A84C80A00C9FF9E /* 배열 만들기 3.swift in Sources */,
				F8F229C92A9887B6008F5D86 /* 뒤에서 5등까지.swift in Sources */,
				F87953F42A8DFB0000CC7C95 /* 공백으로 구분하기 1.swift in Sources */,
				F83062B42A86F2E70002423B /* 중복된 문자 제거.swift in Sources */,
				F8B291002A8CBC26003D48AD /* A 강조하기.swift in Sources */,
				F8F229D22A9897DC008F5D86 /* 다항식 더하기.swift in Sources */,
				F8F3BB5F2A83BB200076D219 /* 배열 회전시키기.swift in Sources */,
				F8F229C12A988346008F5D86 /* 배열의 길이를 2의 거듭제곱으로 만들기.swift in Sources */,
				F8D6E4702A8B99300069CCF2 /* 약수 구하기.swift in Sources */,
				F87953F02A8DF71100CC7C95 /* 문자열이 몇 번 등장하는지 세기.swift in Sources */,
				F80FA1A22A94BE6F00EF72A0 /* 빈 배열에 추가, 삭제하기.swift in Sources */,
				F80FA1A62A94C23500EF72A0 /* 무작위로 k개의 수 뽑기.swift in Sources */,
				F8D6E46C2A8B96390069CCF2 /* 인덱스 바꾸기.swift in Sources */,
				F8B291092A8CBFED003D48AD /* 문자열 계산하기.swift in Sources */,
				F8F3BB5B2A83BB120076D219 /* 2차원으로 만들기.swift in Sources */,
				F8F229C32A9884C1008F5D86 /* 배열 비교하기.swift in Sources */,
				F8F3BB592A83BB0B0076D219 /* 점의 위치 구하기.swift in Sources */,
				F8602D782A8A437900C87FEF /* 수열과 구간 쿼리 1.swift in Sources */,
				F8F3BB622A83BBE80076D219 /* 문자 개수 세기.swift in Sources */,
				F8F3BB5D2A83BB190076D219 /* 공 던지기.swift in Sources */,
				F80FA1A02A94BCFD00EF72A0 /* 배열의 원소만큼 추가하기.swift in Sources */,
				F8B290FC2A8CBAA6003D48AD /* 소문자로 바꾸기.swift in Sources */,
				F85E7AA52AFA78B50090F72F /* 조건에 맞게 수열 변환하기 3.swift in Sources */,
				F81E36162A84D39B00C9FF9E /* 팩토리얼.swift in Sources */,
				F885E7E72AFA8B8D00422226 /* k의 개수.swift in Sources */,
				F87FD5BE2A810DEA0032CBCD /* 부분 문자열 이어 붙여 문자열 만들기.swift in Sources */,
				F885E7E52AFA8AFB00422226 /* A로 B 만들기.swift in Sources */,
				F89602122AD92FFE000E81EC /* 정수 부분.swift in Sources */,
				F802AF9D2AEA592F0010FEF3 /* 부분 문자열.swift in Sources */,
				F8D578952A86626C00D1083B /* 소인수분해.swift in Sources */,
				F85E7AA72AFA78BF0090F72F /* 그림확대.swift in Sources */,
				F87C7F6E2A824A710021878B /* qrcode.swift in Sources */,
				F83BD7EE2A936DCE00C6D94B /* 제곱수 판별하기.swift in Sources */,
				F87FD5CB2A810E790032CBCD /* 진료 순서정하기.swift in Sources */,
				F87C7F682A823F900021878B /* 접두사인지 확인하기.swift in Sources */,
				F802AFA32AEA5B5E0010FEF3 /* 주사위 게임 1.swift in Sources */,
				F8D6E46E2A8B98D70069CCF2 /* 한 번만 등장한 문자.swift in Sources */,
				F8D578982A8664FC00D1083B /* 컨트롤 제트.swift in Sources */,
				F8F229CE2A988E31008F5D86 /* 캐릭터의 좌표.swift in Sources */,
				F8D1F2862AE28CA4008F57E8 /* 두 수의 합.swift in Sources */,
				F8FD3A602ADD6021007D0850 /* 외계어사전.swift in Sources */,
				F8602D7D2A8A516D00C87FEF /* 369게임.swift in Sources */,
				F8D578882A8657DF00D1083B /* 왼쪽 오른쪽.swift in Sources */,
				F8602D742A8A425400C87FEF /* 할 일 목록.swift in Sources */,
				F885E7DA2AFA847300422226 /* I로 만들기.swift in Sources */,
				F802AFAD2AEA68CA0010FEF3 /* 로그인 성공?.swift in Sources */,
				F87953F72A8DFD2300CC7C95 /* 숫자 찾기.swift in Sources */,
				F87C7F772A8254650021878B /* 구슬을 나누는 경우의 수.swift in Sources */,
				F81E36122A84D0FA00C9FF9E /* 합성수 찾기.swift in Sources */,
				F89602142AD93145000E81EC /* 문자열 정수의 합.swift in Sources */,
				F80FA1A42A94BF8600EF72A0 /* 배열 만들기 6.swift in Sources */,
				F8602D6D2A874C9400C87FEF /* 삼각형의 완성조건(1).swift in Sources */,
				F8D6E4632A8B8E510069CCF2 /* 1로 만들기.swift in Sources */,
				F8B291072A8CBD72003D48AD /* 가장 큰수 찾기.swift in Sources */,
				F89602162AD93171000E81EC /* 문자열을 정수로 변환하기.swift in Sources */,
				F83BD7E82A936CEF00C6D94B /* rny_string.swift in Sources */,
				F8602D7B2A8A4DFC00C87FEF /* 가까운 수.swift in Sources */,
				F83BD7E32A936B4D00C6D94B /* 간단한식 계산하기.swift in Sources */,
				F802AFAA2AEA67870010FEF3 /* 옹알이 (1).swift in Sources */,
				F8F229CC2A988BE3008F5D86 /* 직사각형 넓이 구하기.swift in Sources */,
				F8D5788F2A865C7900D1083B /* 모음 제거.swift in Sources */,
				F802AFA52AEA5D250010FEF3 /* 날짜 비교하기.swift in Sources */,
				F8D578842A864D2700D1083B /* n 번째 원소부터.swift in Sources */,
				F8D1F28B2AE28E30008F57E8 /* 부분 문자열인지 확인하기.swift in Sources */,
				F8F229C72A988719008F5D86 /* 배열의 길이에 따라 다른 연산하기.swift in Sources */,
				F8B2910B2A8CC07F003D48AD /* 배열의 유사도.swift in Sources */,
				F8F229D02A988FDC008F5D86 /* 최댓값 만들기(2).swift in Sources */,
				F885E7E12AFA8AC500422226 /* 이진수 더하기.swift in Sources */,
				F8FD3A5E2ADD5DFD007D0850 /* 삼각형 완성조건 (2).swift in Sources */,
				F8D6E45F2A8B8AB50069CCF2 /* 조건에 맞게 수열 변환하기1.swift in Sources */,
				F83BD7F02A936EB800C6D94B /* 세균 증식.swift in Sources */,
				F87FD5C22A810E0D0032CBCD /* 접미사 배열.swift in Sources */,
				F8F3BB6A2A83BC210076D219 /* 가까운 1 찾기.swift in Sources */,
				F8F3BB662A83BBF80076D219 /* 글자 지우기.swift in Sources */,
				F87C7F6C2A8246F00021878B /* 세로 읽기.swift in Sources */,
				F80FA1A92A94C2DE00EF72A0 /* 7의 개수.swift in Sources */,
				F83BD7F22A936F5A00C6D94B /* 문자열 정렬하기 (2).swift in Sources */,
				F80FA1AB2A94C3D200EF72A0 /* 잘라서 배열로 저장하기.swift in Sources */,
				F87FD5C92A810E740032CBCD /* 외계행성의 나이.swift in Sources */,
				F8D6E46A2A8B95370069CCF2 /* 영어가 싫어요.swift in Sources */,
				F8602D812A8A53D700C87FEF /* 대문자와 소문자.swift in Sources */,
				F8602D702A8A408000C87FEF /* 홀수 VS 짝수.swift in Sources */,
				F81E36072A84C73A00C9FF9E /* 첫번째로 나오는 음수.swift in Sources */,
				F802AFA12AEA5A6D0010FEF3 /* 정수 찾기.swift in Sources */,
				F846F1462AF8D13F00D80F8A /* 커피 심부름.swift in Sources */,
				F8D1F2892AE28D80008F57E8 /* 배열의 원소 삭제하기.swift in Sources */,
				F80FA1AF2A94C50A00EF72A0 /* 머쓱이보다 키 큰사람.swift in Sources */,
				F8FD3A5C2ADD5C54007D0850 /* 안전지대.swift in Sources */,
				F8602D7F2A8A52F200C87FEF /* 암호 해독.swift in Sources */,
				F89602192AD9392F000E81EC /* 숨어있는 숫자의 덧셈(2).swift in Sources */,
				F83BD7DF2A93688700C6D94B /* x 사이의 개수.swift in Sources */,
				F87953EE2A8DF57E00CC7C95 /* 특정 문자열로 끝나는 가장 긴 부분 문자열 찾기.swift in Sources */,
				F8B290FA2A8CBA2B003D48AD /* 대문자로 바꾸기.swift in Sources */,
				F8D1F2902AE296F1008F57E8 /* 겹치는 선분의 길이.swift in Sources */,
				F896020E2AD928BF000E81EC /* 뒤에서 5등 위로.swift in Sources */,
				F83BD7E52A936C3F00C6D94B /* 문자열바꿔서찾기.swift in Sources */,
				F87FD5C42A810E230032CBCD /* 접미사인지 확인하기.swift in Sources */,
				F80FA19E2A94BC5200EF72A0 /* 세 개의 구분자.swift in Sources */,
				F8B290FE2A8CBB6D003D48AD /* 배열에서 문자열 대소문자 변환하기.swift in Sources */,
				F87953FB2A8E01CF00CC7C95 /* 자릿수 더하기.swift in Sources */,
				F87953F22A8DFA7E00CC7C95 /* ad 제거하기.swift in Sources */,
				F885E7DC2AFA849400422226 /* 특별한 이차원 배열 1.swift in Sources */,
				F80FA1AD2A94C4C200EF72A0 /* 중복된 숫자 개수.swift in Sources */,
				F8F3BB642A83BBF10076D219 /* 배열 만들기 1.swift in Sources */,
				F8D1F28E2AE291E4008F57E8 /* 저주의 숫자 3.swift in Sources */,
				F8D6E4612A8B8DB60069CCF2 /* 조건에 맞게 수열 변환하기 2.swift in Sources */,
				F8442EB22AE178980019AC60 /* 0 떼기.swift in Sources */,
				F81E36052A84BFD800C9FF9E /* 리스트 자르기.swift in Sources */,
				F8D5789A2A8665B700D1083B /* 배열 원소의 길이.swift in Sources */,
				F8D578932A86603B00D1083B /* 숨어있는 숫자의 덧셈 (1).swift in Sources */,
				F87C7F752A8253600021878B /* 가위 바위 보.swift in Sources */,
				F87C7F732A8251DA0021878B /* 모스부호(1).swift in Sources */,
				F8F3BB682A83BC1A0076D219 /* 카운트 다운.swift in Sources */,
				F87FD5C72A810E4E0032CBCD /* 배열자르기.swift in Sources */,
				F8602D762A8A42DF00C87FEF /* n보다 커질때까지 더하기.swift in Sources */,
				F8602D722A8A40F000C87FEF /* 5명씩.swift in Sources */,
				F8D6E4652A8B900B0069CCF2 /* 길이에 따른 연산.swift in Sources */,
				F8D578862A8657D300D1083B /* 순서 바꾸기.swift in Sources */,
				F8D6E4672A8B920B0069CCF2 /* 원하는 문자열 찾기.swift in Sources */,
				F87C7F6A2A8240B00021878B /* 문자열뒤집기.swift in Sources */,
			);
			runOnlyForDeploymentPostprocessing = 0;
		};
/* End PBXSourcesBuildPhase section */

/* Begin XCBuildConfiguration section */
		F87FD5AD2A810ACF0032CBCD /* Debug */ = {
			isa = XCBuildConfiguration;
			buildSettings = {
				ALWAYS_SEARCH_USER_PATHS = NO;
				CLANG_ANALYZER_NONNULL = YES;
				CLANG_ANALYZER_NUMBER_OBJECT_CONVERSION = YES_AGGRESSIVE;
				CLANG_CXX_LANGUAGE_STANDARD = "gnu++20";
				CLANG_ENABLE_MODULES = YES;
				CLANG_ENABLE_OBJC_ARC = YES;
				CLANG_ENABLE_OBJC_WEAK = YES;
				CLANG_WARN_BLOCK_CAPTURE_AUTORELEASING = YES;
				CLANG_WARN_BOOL_CONVERSION = YES;
				CLANG_WARN_COMMA = YES;
				CLANG_WARN_CONSTANT_CONVERSION = YES;
				CLANG_WARN_DEPRECATED_OBJC_IMPLEMENTATIONS = YES;
				CLANG_WARN_DIRECT_OBJC_ISA_USAGE = YES_ERROR;
				CLANG_WARN_DOCUMENTATION_COMMENTS = YES;
				CLANG_WARN_EMPTY_BODY = YES;
				CLANG_WARN_ENUM_CONVERSION = YES;
				CLANG_WARN_INFINITE_RECURSION = YES;
				CLANG_WARN_INT_CONVERSION = YES;
				CLANG_WARN_NON_LITERAL_NULL_CONVERSION = YES;
				CLANG_WARN_OBJC_IMPLICIT_RETAIN_SELF = YES;
				CLANG_WARN_OBJC_LITERAL_CONVERSION = YES;
				CLANG_WARN_OBJC_ROOT_CLASS = YES_ERROR;
				CLANG_WARN_QUOTED_INCLUDE_IN_FRAMEWORK_HEADER = YES;
				CLANG_WARN_RANGE_LOOP_ANALYSIS = YES;
				CLANG_WARN_STRICT_PROTOTYPES = YES;
				CLANG_WARN_SUSPICIOUS_MOVE = YES;
				CLANG_WARN_UNGUARDED_AVAILABILITY = YES_AGGRESSIVE;
				CLANG_WARN_UNREACHABLE_CODE = YES;
				CLANG_WARN__DUPLICATE_METHOD_MATCH = YES;
				COPY_PHASE_STRIP = NO;
				DEBUG_INFORMATION_FORMAT = dwarf;
				ENABLE_STRICT_OBJC_MSGSEND = YES;
				ENABLE_TESTABILITY = YES;
				GCC_C_LANGUAGE_STANDARD = gnu11;
				GCC_DYNAMIC_NO_PIC = NO;
				GCC_NO_COMMON_BLOCKS = YES;
				GCC_OPTIMIZATION_LEVEL = 0;
				GCC_PREPROCESSOR_DEFINITIONS = (
					"DEBUG=1",
					"$(inherited)",
				);
				GCC_WARN_64_TO_32_BIT_CONVERSION = YES;
				GCC_WARN_ABOUT_RETURN_TYPE = YES_ERROR;
				GCC_WARN_UNDECLARED_SELECTOR = YES;
				GCC_WARN_UNINITIALIZED_AUTOS = YES_AGGRESSIVE;
				GCC_WARN_UNUSED_FUNCTION = YES;
				GCC_WARN_UNUSED_VARIABLE = YES;
				MACOSX_DEPLOYMENT_TARGET = 13.3;
				MTL_ENABLE_DEBUG_INFO = INCLUDE_SOURCE;
				MTL_FAST_MATH = YES;
				ONLY_ACTIVE_ARCH = YES;
				SDKROOT = macosx;
				SWIFT_ACTIVE_COMPILATION_CONDITIONS = DEBUG;
				SWIFT_OPTIMIZATION_LEVEL = "-Onone";
			};
			name = Debug;
		};
		F87FD5AE2A810ACF0032CBCD /* Release */ = {
			isa = XCBuildConfiguration;
			buildSettings = {
				ALWAYS_SEARCH_USER_PATHS = NO;
				CLANG_ANALYZER_NONNULL = YES;
				CLANG_ANALYZER_NUMBER_OBJECT_CONVERSION = YES_AGGRESSIVE;
				CLANG_CXX_LANGUAGE_STANDARD = "gnu++20";
				CLANG_ENABLE_MODULES = YES;
				CLANG_ENABLE_OBJC_ARC = YES;
				CLANG_ENABLE_OBJC_WEAK = YES;
				CLANG_WARN_BLOCK_CAPTURE_AUTORELEASING = YES;
				CLANG_WARN_BOOL_CONVERSION = YES;
				CLANG_WARN_COMMA = YES;
				CLANG_WARN_CONSTANT_CONVERSION = YES;
				CLANG_WARN_DEPRECATED_OBJC_IMPLEMENTATIONS = YES;
				CLANG_WARN_DIRECT_OBJC_ISA_USAGE = YES_ERROR;
				CLANG_WARN_DOCUMENTATION_COMMENTS = YES;
				CLANG_WARN_EMPTY_BODY = YES;
				CLANG_WARN_ENUM_CONVERSION = YES;
				CLANG_WARN_INFINITE_RECURSION = YES;
				CLANG_WARN_INT_CONVERSION = YES;
				CLANG_WARN_NON_LITERAL_NULL_CONVERSION = YES;
				CLANG_WARN_OBJC_IMPLICIT_RETAIN_SELF = YES;
				CLANG_WARN_OBJC_LITERAL_CONVERSION = YES;
				CLANG_WARN_OBJC_ROOT_CLASS = YES_ERROR;
				CLANG_WARN_QUOTED_INCLUDE_IN_FRAMEWORK_HEADER = YES;
				CLANG_WARN_RANGE_LOOP_ANALYSIS = YES;
				CLANG_WARN_STRICT_PROTOTYPES = YES;
				CLANG_WARN_SUSPICIOUS_MOVE = YES;
				CLANG_WARN_UNGUARDED_AVAILABILITY = YES_AGGRESSIVE;
				CLANG_WARN_UNREACHABLE_CODE = YES;
				CLANG_WARN__DUPLICATE_METHOD_MATCH = YES;
				COPY_PHASE_STRIP = NO;
				DEBUG_INFORMATION_FORMAT = "dwarf-with-dsym";
				ENABLE_NS_ASSERTIONS = NO;
				ENABLE_STRICT_OBJC_MSGSEND = YES;
				GCC_C_LANGUAGE_STANDARD = gnu11;
				GCC_NO_COMMON_BLOCKS = YES;
				GCC_WARN_64_TO_32_BIT_CONVERSION = YES;
				GCC_WARN_ABOUT_RETURN_TYPE = YES_ERROR;
				GCC_WARN_UNDECLARED_SELECTOR = YES;
				GCC_WARN_UNINITIALIZED_AUTOS = YES_AGGRESSIVE;
				GCC_WARN_UNUSED_FUNCTION = YES;
				GCC_WARN_UNUSED_VARIABLE = YES;
				MACOSX_DEPLOYMENT_TARGET = 13.3;
				MTL_ENABLE_DEBUG_INFO = NO;
				MTL_FAST_MATH = YES;
				SDKROOT = macosx;
				SWIFT_COMPILATION_MODE = wholemodule;
				SWIFT_OPTIMIZATION_LEVEL = "-O";
			};
			name = Release;
		};
		F87FD5B02A810ACF0032CBCD /* Debug */ = {
			isa = XCBuildConfiguration;
			buildSettings = {
				CODE_SIGN_STYLE = Automatic;
				DEVELOPMENT_TEAM = 4G47XHXXQX;
				ENABLE_HARDENED_RUNTIME = YES;
				PRODUCT_NAME = "$(TARGET_NAME)";
				SWIFT_VERSION = 5.0;
			};
			name = Debug;
		};
		F87FD5B12A810ACF0032CBCD /* Release */ = {
			isa = XCBuildConfiguration;
			buildSettings = {
				CODE_SIGN_STYLE = Automatic;
				DEVELOPMENT_TEAM = 4G47XHXXQX;
				ENABLE_HARDENED_RUNTIME = YES;
				PRODUCT_NAME = "$(TARGET_NAME)";
				SWIFT_VERSION = 5.0;
			};
			name = Release;
		};
/* End XCBuildConfiguration section */

/* Begin XCConfigurationList section */
		F87FD5A32A810ACE0032CBCD /* Build configuration list for PBXProject "algorithm_Swift" */ = {
			isa = XCConfigurationList;
			buildConfigurations = (
				F87FD5AD2A810ACF0032CBCD /* Debug */,
				F87FD5AE2A810ACF0032CBCD /* Release */,
			);
			defaultConfigurationIsVisible = 0;
			defaultConfigurationName = Release;
		};
		F87FD5AF2A810ACF0032CBCD /* Build configuration list for PBXNativeTarget "algorithm_Swift" */ = {
			isa = XCConfigurationList;
			buildConfigurations = (
				F87FD5B02A810ACF0032CBCD /* Debug */,
				F87FD5B12A810ACF0032CBCD /* Release */,
			);
			defaultConfigurationIsVisible = 0;
			defaultConfigurationName = Release;
		};
/* End XCConfigurationList section */
	};
	rootObject = F87FD5A02A810ACE0032CBCD /* Project object */;
}
